{
  "originHash" : "af60319f28e27c8f55164e8dd1e508772af370289291268935ebb391fe49865f",
  "pins" : [
    {
      "identity" : "llvmcoveragekit",
      "kind" : "remoteSourceControl",
      "location" : "git@github.com:alex-reilly-dd/LLVMCoverageKit.git",
      "state" : {
        "revision" : "e3a1fce84650f406c1665b36d77873500463d7ce",
        "version" : "18.1.9"
      }
    },
    {
      "identity" : "swift-syntax",
      "kind" : "remoteSourceControl",
      "location" : "https://github.com/swiftlang/swift-syntax.git",
      "state" : {
        "revision" : "0687f71944021d616d34d922343dcef086855920",
        "version" : "600.0.1"
      }
    }
  ],
  "version" : 3
}
