// !$*UTF8*$!
{
	archiveVersion = 1;
	classes = {
	};
	objectVersion = 77;
	objects = {

/* Begin PBXBuildFile section */
		01C409E9A774CE4770B6DC3B /* CoverageGapReport.swift in Sources */ = {isa = PBXBuildFile; fileRef = F3E63606AF341F913872CB76 /* CoverageGapReport.swift */; };
		0469AB3AB668C05713B4CEEC /* CorpusClient.swift in Sources */ = {isa = PBXBuildFile; fileRef = FFF4F63E42A1153F798F4A15 /* CorpusClient.swift */; };
		0A0B966D3B103DDD9ADC457C /* CoverageCountersClient.swift in Sources */ = {isa = PBXBuildFile; fileRef = 6B7DA3E55A8132FE210D8EAF /* CoverageCountersClient.swift */; };
		0AEA251D3FF9432F04D9FC04 /* CoverageGapDetectorTests.swift in Sources */ = {isa = PBXBuildFile; fileRef = A5A7DD272E538B8E8CFE5C75 /* CoverageGapDetectorTests.swift */; };
		125D3FB66141B63E3542572E /* FuzzResult.swift in Sources */ = {isa = PBXBuildFile; fileRef = 7769DE997855D0C94C1C405F /* FuzzResult.swift */; };
		1426388F8F61D31CB0AC925C /* PlateauDetectorPlugin.swift in Sources */ = {isa = PBXBuildFile; fileRef = F5F59F7C0FD59FAD26BADFE6 /* PlateauDetectorPlugin.swift */; };
		14CE5AF65788D0ED532C423D /* PropertyBasedSelfTests.swift in Sources */ = {isa = PBXBuildFile; fileRef = F7B5F39FFCE93451B38B3FBA /* PropertyBasedSelfTests.swift */; };
		154F79A2EEDDE650511A586D /* CustomFuzzableTests.swift in Sources */ = {isa = PBXBuildFile; fileRef = 683A330BCB90F626B21D2422 /* CustomFuzzableTests.swift */; };
		1676A6251DF285939A232329 /* EventBasedCoverageGapPlugin.swift in Sources */ = {isa = PBXBuildFile; fileRef = 1BAB215F45EB4C8CA1934BEF /* EventBasedCoverageGapPlugin.swift */; };
		17D551F0DC9A49573320CBC2 /* ck_ht.c in Sources */ = {isa = PBXBuildFile; fileRef = DF69D0BBA6357FA0A5F78ABC /* ck_ht.c */; };
		194E2180758E8A2A82D69A19 /* SyncBox.swift in Sources */ = {isa = PBXBuildFile; fileRef = 807ED515190705E70EEBD7FE /* SyncBox.swift */; };
		19E5E7F83FA7FB0675B65818 /* MockDatabase.swift in Sources */ = {isa = PBXBuildFile; fileRef = B64D06718A05E1272E84861D /* MockDatabase.swift */; };
		1F8C42A1E118D08E319AF582 /* MultiComponentShrinker.swift in Sources */ = {isa = PBXBuildFile; fileRef = E3286F279F14B496AD89F0BE /* MultiComponentShrinker.swift */; };
		20F73DB698F40134660DEB4E /* PropertyTestingKit.framework in Embed Frameworks */ = {isa = PBXBuildFile; fileRef = 2595E9AD80DBFC77F241A7E7 /* PropertyTestingKit.framework */; settings = {ATTRIBUTES = (CodeSignOnCopy, RemoveHeadersOnCopy, ); }; };
		233D62539D27A6EB4181220F /* Optional+Fuzzable.swift in Sources */ = {isa = PBXBuildFile; fileRef = 22C52228B4908E47A6DF38B1 /* Optional+Fuzzable.swift */; };
		244F543DDFAA24140A76485F /* FuzzEngineTests.swift in Sources */ = {isa = PBXBuildFile; fileRef = 0BC4138150CDC1ABC2DE7C65 /* FuzzEngineTests.swift */; };
		26A3CB5877617786D4DAC208 /* SparseCoverage.swift in Sources */ = {isa = PBXBuildFile; fileRef = 52C1DEE9A4340554236C9F32 /* SparseCoverage.swift */; };
		2791D860E1AFB4810E51C213 /* DefaultShrinkingPlugin.swift in Sources */ = {isa = PBXBuildFile; fileRef = D9B8430D41323168F71EBA35 /* DefaultShrinkingPlugin.swift */; };
		286622DA029C3AC20D7DA262 /* PropertyTestingKit.framework in Frameworks */ = {isa = PBXBuildFile; fileRef = 2595E9AD80DBFC77F241A7E7 /* PropertyTestingKit.framework */; };
		29AD704E75D749B097C95BAA /* CorpusEntryType.swift in Sources */ = {isa = PBXBuildFile; fileRef = 49412A507ECD93C3E85C649B /* CorpusEntryType.swift */; };
		2E6CDCBF7B91A07E9402C82F /* ConcurrentFuzzLoadTest.swift in Sources */ = {isa = PBXBuildFile; fileRef = 00EBA13944AF0B757005638A /* ConcurrentFuzzLoadTest.swift */; };
		3AE90F2D2F5E78080AAB081C /* FuzzAPITests.swift in Sources */ = {isa = PBXBuildFile; fileRef = 99DF2D2D7A9C78BEFDA1C9FF /* FuzzAPITests.swift */; };
		40BBDB105DB39C8B70D658CE /* EventBasedPlateauDetectorPlugin.swift in Sources */ = {isa = PBXBuildFile; fileRef = DCDB2199470F533775067DB9 /* EventBasedPlateauDetectorPlugin.swift */; };
		413720205EA64C2558BD9F04 /* FuzzAPI.swift in Sources */ = {isa = PBXBuildFile; fileRef = A18400D950AE2D1D13443E9A /* FuzzAPI.swift */; };
		432A7C1997D44CD9561448F1 /* CorpusMode.swift in Sources */ = {isa = PBXBuildFile; fileRef = C7F23079959F6B89989AD2EB /* CorpusMode.swift */; };
		4663EC7618D3511158524207 /* RaceConditionTests.swift in Sources */ = {isa = PBXBuildFile; fileRef = 797B369A783CF8DA4F7C9190 /* RaceConditionTests.swift */; };
		472EBAA0C21986A90E121C90 /* FuzzPluginManager.swift in Sources */ = {isa = PBXBuildFile; fileRef = 2AF56A3C5CC98C189D94FACC /* FuzzPluginManager.swift */; };
		4B46C972C1518B04075D7EED /* DWARFSymbolizer.swift in Sources */ = {isa = PBXBuildFile; fileRef = 3F1917814603DE56511E5F24 /* DWARFSymbolizer.swift */; };
		4EB9436B27158A5C6839F9BA /* DWARFSymbolizerTests.swift in Sources */ = {isa = PBXBuildFile; fileRef = F1E97A029218EB361C14F01D /* DWARFSymbolizerTests.swift */; };
		509CC5C943C5ECF47E29EF7C /* PropertyTestingKit.framework in Frameworks */ = {isa = PBXBuildFile; fileRef = 2595E9AD80DBFC77F241A7E7 /* PropertyTestingKit.framework */; };
		5118F45702A081DEB42B60AA /* DateClient.swift in Sources */ = {isa = PBXBuildFile; fileRef = 8DCFCD27F236B21539FDC070 /* DateClient.swift */; };
		52C260E19A743BA5BCADC703 /* CoverageSignature.swift in Sources */ = {isa = PBXBuildFile; fileRef = 9BD8E7DDBFB1256A08DEBE05 /* CoverageSignature.swift */; };
		589D0164A415C152CDD4B160 /* Benchmark in Frameworks */ = {isa = PBXBuildFile; productRef = E6A87E5EFC33D405ECEDD0E1 /* Benchmark */; };
		5CE75ACE29DD3F8860FAA19D /* STADSPlateauDetector.swift in Sources */ = {isa = PBXBuildFile; fileRef = 1733E8C2C5D2FC2BC7394036 /* STADSPlateauDetector.swift */; };
		60F4B0B951427866AB7380DC /* CorpusEntry.swift in Sources */ = {isa = PBXBuildFile; fileRef = D708E6A5A1B65DA927AFEA9E /* CorpusEntry.swift */; };
		61031F0CE3C1B19C1D04DF89 /* PropertyTestingKit.framework in Embed Frameworks */ = {isa = PBXBuildFile; fileRef = 2595E9AD80DBFC77F241A7E7 /* PropertyTestingKit.framework */; settings = {ATTRIBUTES = (CodeSignOnCopy, RemoveHeadersOnCopy, ); }; };
		63529CA3B2D9F29C8601810D /* PropertyTestingKit.framework in Embed Frameworks */ = {isa = PBXBuildFile; fileRef = 2595E9AD80DBFC77F241A7E7 /* PropertyTestingKit.framework */; settings = {ATTRIBUTES = (CodeSignOnCopy, RemoveHeadersOnCopy, ); }; };
		6632F732A4FAECE34A80F544 /* ShrinkStats.swift in Sources */ = {isa = PBXBuildFile; fileRef = 7C98CB65B3ADE29BB300C7EA /* ShrinkStats.swift */; };
		67B2DBE808E07482177746DF /* UInt+Fuzzable.swift in Sources */ = {isa = PBXBuildFile; fileRef = 029261475F37B2CCF9E0B0F7 /* UInt+Fuzzable.swift */; };
		6B3E9990299CD5D8B12A316E /* Int+Fuzzable.swift in Sources */ = {isa = PBXBuildFile; fileRef = D22DDC98AF9435971589CF56 /* Int+Fuzzable.swift */; };
		6B81F710C9EAE2B9786DFD16 /* TaskResults.swift in Sources */ = {isa = PBXBuildFile; fileRef = B155EAF0286844D09A5709EC /* TaskResults.swift */; };
		6C92AFA4A8A89008D14C5645 /* SanCovIsolationTests.swift in Sources */ = {isa = PBXBuildFile; fileRef = 34658F2420967EA35E38058D /* SanCovIsolationTests.swift */; };
		6EA867F5B1FCB8DA1D789F91 /* Fuzzable.swift in Sources */ = {isa = PBXBuildFile; fileRef = 0E2CCED33C681E7189FA6A47 /* Fuzzable.swift */; };
		6FC71167936E2046141EAA6B /* DWARFSymbolizerHelper.swift in Sources */ = {isa = PBXBuildFile; fileRef = A179A4CAD0B9C0FC0DF76A85 /* DWARFSymbolizerHelper.swift */; };
		721B918F0C92F521E1CD4FC3 /* TestCaseShrinkerTests.swift in Sources */ = {isa = PBXBuildFile; fileRef = F58C560D0D81EBCA41AC8282 /* TestCaseShrinkerTests.swift */; };
		77318276C93EAB250B715AAD /* SaturationPlateauDetectorTests.swift in Sources */ = {isa = PBXBuildFile; fileRef = B37ED10677A92DC01DD0B289 /* SaturationPlateauDetectorTests.swift */; };
		79D489B6D89C771503E3F4C8 /* libCLLVMSymbolizer.a in Frameworks */ = {isa = PBXBuildFile; fileRef = EF7AA1611BFAAB73EE70CA85 /* libCLLVMSymbolizer.a */; };
		7B7ADDE2BFF43D15DE86328A /* Array+Shrinkable.swift in Sources */ = {isa = PBXBuildFile; fileRef = B60A0F1AE1DD32B9E72168DE /* Array+Shrinkable.swift */; };
		808DEDCEF3F72F26E4C97724 /* CorpusTests.swift in Sources */ = {isa = PBXBuildFile; fileRef = 9E53225F99BA35278DB06DA6 /* CorpusTests.swift */; };
		8583A6B9CC8AE06E1F34F8C4 /* CoverageBenchmarks.swift in Sources */ = {isa = PBXBuildFile; fileRef = EF833B020283C4892D55D53C /* CoverageBenchmarks.swift */; };
		87CB37DFCDC351E3E53BE7F1 /* TestCaseShrinker.swift in Sources */ = {isa = PBXBuildFile; fileRef = 7DA5B74380237260F7E42D71 /* TestCaseShrinker.swift */; };
		8B77076135753B47C626A029 /* FuzzEngine+Config.swift in Sources */ = {isa = PBXBuildFile; fileRef = ACE4D8AA0A411B9988FA7E7C /* FuzzEngine+Config.swift */; };
		8CBB720CE81E97F2750950E1 /* libSanCovHooks.a in Frameworks */ = {isa = PBXBuildFile; fileRef = FC16934A7D0ADDA3859FDFCA /* libSanCovHooks.a */; };
		8D27AFB1254FC22918527BA3 /* CoverageGapPlugin.swift in Sources */ = {isa = PBXBuildFile; fileRef = 112824CF90673942F0DC8528 /* CoverageGapPlugin.swift */; };
		902AD170388F6A40C15ECCA5 /* MutatorTests.swift in Sources */ = {isa = PBXBuildFile; fileRef = 2C2AB425C1886E9C43DA056F /* MutatorTests.swift */; };
		930A6CA4EA3850C7A8BF5EFF /* AnalysisPlugin.swift in Sources */ = {isa = PBXBuildFile; fileRef = 06D254C3EBFD9F80B874BBEB /* AnalysisPlugin.swift */; };
		9411D6055035E20DD3490798 /* CorpusSchema.swift in Sources */ = {isa = PBXBuildFile; fileRef = 4F25239605AF76FC51FDDF99 /* CorpusSchema.swift */; };
		995888DFC95845A88625B91A /* FailureInfo.swift in Sources */ = {isa = PBXBuildFile; fileRef = 2CF3A4D9068E7899D99B8C01 /* FailureInfo.swift */; };
		997046243B39595955A73A07 /* CoverageGap.swift in Sources */ = {isa = PBXBuildFile; fileRef = E710A18D4C3A68A36CF37040 /* CoverageGap.swift */; };
		9B7DC07539CBF59272EDCC37 /* SaturationPlateauDetector.swift in Sources */ = {isa = PBXBuildFile; fileRef = E0ABBB2AC9890A3F64DAF698 /* SaturationPlateauDetector.swift */; };
		9DADB5A1F40BF13558A2BD55 /* Synchronized.swift in Sources */ = {isa = PBXBuildFile; fileRef = AF1E91685C6019AA1D8E23F9 /* Synchronized.swift */; };
		9E681FD7857BB0E8B54236DD /* Mutator.swift in Sources */ = {isa = PBXBuildFile; fileRef = D51DB081E26BBC926EBD26BD /* Mutator.swift */; };
		A03C312DFD232E75A523A81F /* StoppingConditionPlugin.swift in Sources */ = {isa = PBXBuildFile; fileRef = D75DF1865747DCBCB1AA0F9F /* StoppingConditionPlugin.swift */; };
		A11656F32C1DA89DAC5AE4B1 /* EnvironmentClient.swift in Sources */ = {isa = PBXBuildFile; fileRef = F46057CB7F84DA3671178057 /* EnvironmentClient.swift */; };
		A1B5C9D7B4345854FF5D488A /* PropertyTestingKit.framework in Frameworks */ = {isa = PBXBuildFile; fileRef = 2595E9AD80DBFC77F241A7E7 /* PropertyTestingKit.framework */; };
		A36B305BD1D1ED9AD7FA7393 /* Double+Fuzzable.swift in Sources */ = {isa = PBXBuildFile; fileRef = 96C9C5A0907E3C1FF9A53837 /* Double+Fuzzable.swift */; };
		A37D8BF967DDC59F6674C589 /* CartesianProduct.swift in Sources */ = {isa = PBXBuildFile; fileRef = A3DC7247C29C4368A12DBDC7 /* CartesianProduct.swift */; };
		A4917FD92F876D60CD8646DC /* FuzzerStressTests.swift in Sources */ = {isa = PBXBuildFile; fileRef = E6E3AD5DC96FE62C844BFA88 /* FuzzerStressTests.swift */; };
		A791F464FE3BDDB8A76320B5 /* FuzzPlugin.swift in Sources */ = {isa = PBXBuildFile; fileRef = C46A7E2288E1AE7A59B100CF /* FuzzPlugin.swift */; };
		A8AB88E38D9F9BBE8CCCD77B /* CorpusCoder.swift in Sources */ = {isa = PBXBuildFile; fileRef = 3FFCEA0CB033829BFBAEFA52 /* CorpusCoder.swift */; };
		A971C2C46510D47C1A1C3FE0 /* Bool+Fuzzable.swift in Sources */ = {isa = PBXBuildFile; fileRef = C13A3C0DDB843401611C6BCC /* Bool+Fuzzable.swift */; };
		ADF49AE0B09D08080E515387 /* CoverageCountersTests.swift in Sources */ = {isa = PBXBuildFile; fileRef = C4C33B33085A4DB5D1981F0A /* CoverageCountersTests.swift */; };
		AFDDC40C6C111A0C8359403D /* FunctionSizeLookup.swift in Sources */ = {isa = PBXBuildFile; fileRef = D675F3742488937DF00D923F /* FunctionSizeLookup.swift */; };
		B0B276C037B14EAA3010672E /* FuzzEngine.swift in Sources */ = {isa = PBXBuildFile; fileRef = 4401B1A5DC7E001073C6D2B1 /* FuzzEngine.swift */; };
		B12BA13984E49118CD620DA9 /* Shrinkable.swift in Sources */ = {isa = PBXBuildFile; fileRef = 0A401389A02B82B842F9ED0F /* Shrinkable.swift */; };
		B269AC60201884DB429C947C /* STADSPlateauDetectorTests.swift in Sources */ = {isa = PBXBuildFile; fileRef = 146B4C7BE9FB4A557084104F /* STADSPlateauDetectorTests.swift */; };
		B589BFFA6C70C0D16C75E1AD /* FuzzableProtocolTests.swift in Sources */ = {isa = PBXBuildFile; fileRef = 8D5B1DD3570EBB6E7D12F912 /* FuzzableProtocolTests.swift */; };
		B658E17CCF942125EF08B2C9 /* ShrinkConfig.swift in Sources */ = {isa = PBXBuildFile; fileRef = A0C4FC87637FA205C20057C9 /* ShrinkConfig.swift */; };
		BB317568B96C33EA9BBBDC4F /* PropertyTestingKit.framework in Embed Frameworks */ = {isa = PBXBuildFile; fileRef = 2595E9AD80DBFC77F241A7E7 /* PropertyTestingKit.framework */; settings = {ATTRIBUTES = (CodeSignOnCopy, RemoveHeadersOnCopy, ); }; };
		BD0CC959DAB2216FB5A5AE9E /* ShrinkResult.swift in Sources */ = {isa = PBXBuildFile; fileRef = 0A1857217E99772D144C79B7 /* ShrinkResult.swift */; };
		BE833829B0A29D2730C9A37C /* Data+Shrinkable.swift in Sources */ = {isa = PBXBuildFile; fileRef = C8D72A5EBCA28D84F6AECC0B /* Data+Shrinkable.swift */; };
		BEBBA20C60FAF1E749C4427D /* SanCovCounters.swift in Sources */ = {isa = PBXBuildFile; fileRef = 2A865DFA08A7E0DE3F588EDB /* SanCovCounters.swift */; };
		C3CCD2C9B56E9E0FC0574642 /* CoverageGapDetector.swift in Sources */ = {isa = PBXBuildFile; fileRef = C5A515E40A855C623BC509BC /* CoverageGapDetector.swift */; };
		C6BD19DBD991F706DF3597D2 /* Dependencies in Frameworks */ = {isa = PBXBuildFile; productRef = A493D2B71CD03B3B9D34DA14 /* Dependencies */; };
		C767CFCE0529D3F2A03C1C12 /* SanCovHooks.c in Sources */ = {isa = PBXBuildFile; fileRef = CB119BBD24F520783D33BA6F /* SanCovHooks.c */; };
		C7EFC9C84CA6559C4F8B0443 /* String+Fuzzable.swift in Sources */ = {isa = PBXBuildFile; fileRef = A1C4EDCAB19E2F65E521C289 /* String+Fuzzable.swift */; };
		C9A465F613D3882BE73F401C /* Array+Fuzzable.swift in Sources */ = {isa = PBXBuildFile; fileRef = CE00ADF599F29D727647ECE4 /* Array+Fuzzable.swift */; };
		CD4CF90D44574C94590CCE3F /* DeterministicTimingTests.swift in Sources */ = {isa = PBXBuildFile; fileRef = 5DE9A7DAD99528274ED05439 /* DeterministicTimingTests.swift */; };
		CF148FE630379ED6CAF42AA4 /* SimpleCoveragePlateauDetectorTests.swift in Sources */ = {isa = PBXBuildFile; fileRef = 3B56C4B9B3773FB6734D0821 /* SimpleCoveragePlateauDetectorTests.swift */; };
		CFEE279397531A3509632FAA /* FunctionSpy in Frameworks */ = {isa = PBXBuildFile; productRef = F0BEB91D5B04B84629BA665A /* FunctionSpy */; };
		D050028AE7CF7F83205D5C4E /* HardToFuzzFunctions.swift in Sources */ = {isa = PBXBuildFile; fileRef = CCEE0E1BF3B9166CBA9A3C59 /* HardToFuzzFunctions.swift */; };
		D0C65F0813EFB9C22E7A24EC /* DWARFSymbolizerError.swift in Sources */ = {isa = PBXBuildFile; fileRef = D2671C4A43D9243DDBC246A9 /* DWARFSymbolizerError.swift */; };
		D304EFC84705417D212EA91D /* CoverageSignatureTests.swift in Sources */ = {isa = PBXBuildFile; fileRef = 09F9A66C1671353C4CCF4F16 /* CoverageSignatureTests.swift */; };
		D3BBDD6471BDB998F4979E48 /* FileManagerClient.swift in Sources */ = {isa = PBXBuildFile; fileRef = 0A5FD30F272F4610F9D0637A /* FileManagerClient.swift */; };
		D5304C43DD6EFBF89321404D /* PropertyTestingKit.framework in Frameworks */ = {isa = PBXBuildFile; fileRef = 2595E9AD80DBFC77F241A7E7 /* PropertyTestingKit.framework */; };
		DB3B9AFA08DCD50172E473CB /* CLLVMSymbolizer.cpp in Sources */ = {isa = PBXBuildFile; fileRef = 6B4DC0FA0EFB0DDF25E4C353 /* CLLVMSymbolizer.cpp */; };
		DB71EBF35575DA1DEA31C0F0 /* Macros.swift in Sources */ = {isa = PBXBuildFile; fileRef = D9AB1FE9A26A576DB0D5550E /* Macros.swift */; };
		E05A1921A081B8C834B8A921 /* String+Shrinkable.swift in Sources */ = {isa = PBXBuildFile; fileRef = F9091C3EF601AF281CEC4E3A /* String+Shrinkable.swift */; };
		E22FD5BA11720007BFEC6E1E /* DWARFSourceLocation.swift in Sources */ = {isa = PBXBuildFile; fileRef = 801978DFD141E3190DC8219D /* DWARFSourceLocation.swift */; };
		E580739238EA1DCDBB49D4E5 /* Character+Fuzzable.swift in Sources */ = {isa = PBXBuildFile; fileRef = 9090D11CEB59C93417F2F4F6 /* Character+Fuzzable.swift */; };
		E5CE85300E9595AE8CF1F398 /* UncoveredRegion.swift in Sources */ = {isa = PBXBuildFile; fileRef = 9DA6786D89438D0199BF0412 /* UncoveredRegion.swift */; };
		E6964DD309352DC4A763CFE1 /* AnyShrinkable.swift in Sources */ = {isa = PBXBuildFile; fileRef = 13045E2C359AB3AFCD8C3FF9 /* AnyShrinkable.swift */; };
		E94E382B579A8EAEA05F2A12 /* ShrinkingPlugin.swift in Sources */ = {isa = PBXBuildFile; fileRef = 19A4AA0D8D28393DDC7CDD33 /* ShrinkingPlugin.swift */; };
		EDA4F3DF2A8772887434F792 /* Testing.framework in Frameworks */ = {isa = PBXBuildFile; fileRef = 3F5DD8CB2128FA92846AA71F /* Testing.framework */; };
		F175208C6823ED3BC2A92224 /* PropertyTestingKit.framework in Frameworks */ = {isa = PBXBuildFile; fileRef = 2595E9AD80DBFC77F241A7E7 /* PropertyTestingKit.framework */; };
		F4E3D1DF382DCAC750307163 /* UserService.swift in Sources */ = {isa = PBXBuildFile; fileRef = 5305591133199EC528A0A92D /* UserService.swift */; };
		F5E12565A5E3B3F657133645 /* STADSPlateauDetectorPlugin.swift in Sources */ = {isa = PBXBuildFile; fileRef = 40672CAD432576A4635C1676 /* STADSPlateauDetectorPlugin.swift */; };
		F854221602A30DC642BC0670 /* SimpleCoveragePlateauDetector.swift in Sources */ = {isa = PBXBuildFile; fileRef = 94EB367A0BBDEA977C219F3A /* SimpleCoveragePlateauDetector.swift */; };
		F8CA279E1D5C86F49E55C093 /* RandomNumberGeneratorClient.swift in Sources */ = {isa = PBXBuildFile; fileRef = C6B7D375C4052AA3BFE8E32A /* RandomNumberGeneratorClient.swift */; };
		F90AAA32E041831DC6EEF916 /* CorpusPersistenceClient.swift in Sources */ = {isa = PBXBuildFile; fileRef = 8FED37BAA14224125F5AD7CA /* CorpusPersistenceClient.swift */; };
		F997A4DDB225D63D65B476AA /* Corpus.swift in Sources */ = {isa = PBXBuildFile; fileRef = DA3C0B16540F4626B5B88CD7 /* Corpus.swift */; };
		FAE454D657D928B2962AB47B /* SeededRandomNumberGenerator.swift in Sources */ = {isa = PBXBuildFile; fileRef = CBD2703ECFC03CDB4AF0A1EC /* SeededRandomNumberGenerator.swift */; };
		FCC9ADA20072098BFAD48EBE /* SaturationPlateauDetectorPlugin.swift in Sources */ = {isa = PBXBuildFile; fileRef = CF44990BD642A0A6FBF94C6F /* SaturationPlateauDetectorPlugin.swift */; };
		FCEEBF191CE51978D06E85E9 /* FuzzObserverPlugin.swift in Sources */ = {isa = PBXBuildFile; fileRef = 1471987A1097721AD7C3599F /* FuzzObserverPlugin.swift */; };
/* End PBXBuildFile section */

/* Begin PBXContainerItemProxy section */
		3218720DD27BCF321104A88E /* PBXContainerItemProxy */ = {
			isa = PBXContainerItemProxy;
			containerPortal = 93269515397F3B540BE8A95E /* Project object */;
			proxyType = 1;
			remoteGlobalIDString = 3158F44FBF717D69B2A46E2E;
			remoteInfo = PropertyTestingKit;
		};
		3F57E0FFED1A0B481B11C0F4 /* PBXContainerItemProxy */ = {
			isa = PBXContainerItemProxy;
			containerPortal = 93269515397F3B540BE8A95E /* Project object */;
			proxyType = 1;
			remoteGlobalIDString = 5FED955AC4DD9D722F6367E3;
			remoteInfo = SanCovHooks;
		};
		41A9CC0D603AAC6E8703E054 /* PBXContainerItemProxy */ = {
			isa = PBXContainerItemProxy;
			containerPortal = 93269515397F3B540BE8A95E /* Project object */;
			proxyType = 1;
			remoteGlobalIDString = 05E982383D21A29F788C71F5;
			remoteInfo = CLLVMSymbolizer;
		};
		5526981A9F0018240DD7A826 /* PBXContainerItemProxy */ = {
			isa = PBXContainerItemProxy;
			containerPortal = 93269515397F3B540BE8A95E /* Project object */;
			proxyType = 1;
			remoteGlobalIDString = 3158F44FBF717D69B2A46E2E;
			remoteInfo = PropertyTestingKit;
		};
		67AF272922F6EC84F10C5334 /* PBXContainerItemProxy */ = {
			isa = PBXContainerItemProxy;
			containerPortal = 93269515397F3B540BE8A95E /* Project object */;
			proxyType = 1;
			remoteGlobalIDString = 3158F44FBF717D69B2A46E2E;
			remoteInfo = PropertyTestingKit;
		};
		681184979170B744BAAC0C3A /* PBXContainerItemProxy */ = {
			isa = PBXContainerItemProxy;
			containerPortal = 93269515397F3B540BE8A95E /* Project object */;
			proxyType = 1;
			remoteGlobalIDString = 3158F44FBF717D69B2A46E2E;
			remoteInfo = PropertyTestingKit;
		};
		ADE0E251A6DE698B86B39489 /* PBXContainerItemProxy */ = {
			isa = PBXContainerItemProxy;
			containerPortal = 93269515397F3B540BE8A95E /* Project object */;
			proxyType = 1;
			remoteGlobalIDString = 3158F44FBF717D69B2A46E2E;
			remoteInfo = PropertyTestingKit;
		};
/* End PBXContainerItemProxy section */

/* Begin PBXCopyFilesBuildPhase section */
		1858EF307BE382B917F18073 /* Embed Frameworks */ = {
			isa = PBXCopyFilesBuildPhase;
			buildActionMask = 2147483647;
			dstPath = "";
			dstSubfolderSpec = 10;
			files = (
				63529CA3B2D9F29C8601810D /* PropertyTestingKit.framework in Embed Frameworks */,
			);
			name = "Embed Frameworks";
			runOnlyForDeploymentPostprocessing = 0;
		};
		8E8DF323649F55BBD87DBBEF /* Embed Frameworks */ = {
			isa = PBXCopyFilesBuildPhase;
			buildActionMask = 2147483647;
			dstPath = "";
			dstSubfolderSpec = 10;
			files = (
				BB317568B96C33EA9BBBDC4F /* PropertyTestingKit.framework in Embed Frameworks */,
			);
			name = "Embed Frameworks";
			runOnlyForDeploymentPostprocessing = 0;
		};
		AED4ACCAA97664737992B629 /* Embed Frameworks */ = {
			isa = PBXCopyFilesBuildPhase;
			buildActionMask = 2147483647;
			dstPath = "";
			dstSubfolderSpec = 10;
			files = (
				61031F0CE3C1B19C1D04DF89 /* PropertyTestingKit.framework in Embed Frameworks */,
			);
			name = "Embed Frameworks";
			runOnlyForDeploymentPostprocessing = 0;
		};
		DECA1BC54DDCA700A18D6D13 /* Embed Frameworks */ = {
			isa = PBXCopyFilesBuildPhase;
			buildActionMask = 2147483647;
			dstPath = "";
			dstSubfolderSpec = 10;
			files = (
				20F73DB698F40134660DEB4E /* PropertyTestingKit.framework in Embed Frameworks */,
			);
			name = "Embed Frameworks";
			runOnlyForDeploymentPostprocessing = 0;
		};
/* End PBXCopyFilesBuildPhase section */

/* Begin PBXFileReference section */
		00EBA13944AF0B757005638A /* ConcurrentFuzzLoadTest.swift */ = {isa = PBXFileReference; lastKnownFileType = sourcecode.swift; path = ConcurrentFuzzLoadTest.swift; sourceTree = "<group>"; };
		021ACDF8BE3B266FA44EEDBD /* CoverageBenchmarks */ = {isa = PBXFileReference; includeInIndex = 0; path = CoverageBenchmarks; sourceTree = BUILT_PRODUCTS_DIR; };
		029261475F37B2CCF9E0B0F7 /* UInt+Fuzzable.swift */ = {isa = PBXFileReference; lastKnownFileType = sourcecode.swift; path = "UInt+Fuzzable.swift"; sourceTree = "<group>"; };
		06D254C3EBFD9F80B874BBEB /* AnalysisPlugin.swift */ = {isa = PBXFileReference; lastKnownFileType = sourcecode.swift; path = AnalysisPlugin.swift; sourceTree = "<group>"; };
		08D9F63994131BD074E1BE90 /* StressTests.xctest */ = {isa = PBXFileReference; explicitFileType = wrapper.cfbundle; includeInIndex = 0; path = StressTests.xctest; sourceTree = BUILT_PRODUCTS_DIR; };
		09F9A66C1671353C4CCF4F16 /* CoverageSignatureTests.swift */ = {isa = PBXFileReference; lastKnownFileType = sourcecode.swift; path = CoverageSignatureTests.swift; sourceTree = "<group>"; };
		0A1857217E99772D144C79B7 /* ShrinkResult.swift */ = {isa = PBXFileReference; lastKnownFileType = sourcecode.swift; path = ShrinkResult.swift; sourceTree = "<group>"; };
		0A401389A02B82B842F9ED0F /* Shrinkable.swift */ = {isa = PBXFileReference; lastKnownFileType = sourcecode.swift; path = Shrinkable.swift; sourceTree = "<group>"; };
		0A5FD30F272F4610F9D0637A /* FileManagerClient.swift */ = {isa = PBXFileReference; lastKnownFileType = sourcecode.swift; path = FileManagerClient.swift; sourceTree = "<group>"; };
		0BC4138150CDC1ABC2DE7C65 /* FuzzEngineTests.swift */ = {isa = PBXFileReference; lastKnownFileType = sourcecode.swift; path = FuzzEngineTests.swift; sourceTree = "<group>"; };
		0E2CCED33C681E7189FA6A47 /* Fuzzable.swift */ = {isa = PBXFileReference; lastKnownFileType = sourcecode.swift; path = Fuzzable.swift; sourceTree = "<group>"; };
		112824CF90673942F0DC8528 /* CoverageGapPlugin.swift */ = {isa = PBXFileReference; lastKnownFileType = sourcecode.swift; path = CoverageGapPlugin.swift; sourceTree = "<group>"; };
		13045E2C359AB3AFCD8C3FF9 /* AnyShrinkable.swift */ = {isa = PBXFileReference; lastKnownFileType = sourcecode.swift; path = AnyShrinkable.swift; sourceTree = "<group>"; };
		146B4C7BE9FB4A557084104F /* STADSPlateauDetectorTests.swift */ = {isa = PBXFileReference; lastKnownFileType = sourcecode.swift; path = STADSPlateauDetectorTests.swift; sourceTree = "<group>"; };
		1471987A1097721AD7C3599F /* FuzzObserverPlugin.swift */ = {isa = PBXFileReference; lastKnownFileType = sourcecode.swift; path = FuzzObserverPlugin.swift; sourceTree = "<group>"; };
		1733E8C2C5D2FC2BC7394036 /* STADSPlateauDetector.swift */ = {isa = PBXFileReference; lastKnownFileType = sourcecode.swift; path = STADSPlateauDetector.swift; sourceTree = "<group>"; };
		19A4AA0D8D28393DDC7CDD33 /* ShrinkingPlugin.swift */ = {isa = PBXFileReference; lastKnownFileType = sourcecode.swift; path = ShrinkingPlugin.swift; sourceTree = "<group>"; };
		1B7FA0AAC10E7E2DB5FD6CDE /* TSanTests.xctest */ = {isa = PBXFileReference; explicitFileType = wrapper.cfbundle; includeInIndex = 0; path = TSanTests.xctest; sourceTree = BUILT_PRODUCTS_DIR; };
		1BAB215F45EB4C8CA1934BEF /* EventBasedCoverageGapPlugin.swift */ = {isa = PBXFileReference; lastKnownFileType = sourcecode.swift; path = EventBasedCoverageGapPlugin.swift; sourceTree = "<group>"; };
		22C52228B4908E47A6DF38B1 /* Optional+Fuzzable.swift */ = {isa = PBXFileReference; lastKnownFileType = sourcecode.swift; path = "Optional+Fuzzable.swift"; sourceTree = "<group>"; };
		2595E9AD80DBFC77F241A7E7 /* PropertyTestingKit.framework */ = {isa = PBXFileReference; explicitFileType = wrapper.framework; includeInIndex = 0; path = PropertyTestingKit.framework; sourceTree = BUILT_PRODUCTS_DIR; };
		2A865DFA08A7E0DE3F588EDB /* SanCovCounters.swift */ = {isa = PBXFileReference; lastKnownFileType = sourcecode.swift; path = SanCovCounters.swift; sourceTree = "<group>"; };
		2AF56A3C5CC98C189D94FACC /* FuzzPluginManager.swift */ = {isa = PBXFileReference; lastKnownFileType = sourcecode.swift; path = FuzzPluginManager.swift; sourceTree = "<group>"; };
		2C2AB425C1886E9C43DA056F /* MutatorTests.swift */ = {isa = PBXFileReference; lastKnownFileType = sourcecode.swift; path = MutatorTests.swift; sourceTree = "<group>"; };
		2CF3A4D9068E7899D99B8C01 /* FailureInfo.swift */ = {isa = PBXFileReference; lastKnownFileType = sourcecode.swift; path = FailureInfo.swift; sourceTree = "<group>"; };
		34658F2420967EA35E38058D /* SanCovIsolationTests.swift */ = {isa = PBXFileReference; lastKnownFileType = sourcecode.swift; path = SanCovIsolationTests.swift; sourceTree = "<group>"; };
		3B56C4B9B3773FB6734D0821 /* SimpleCoveragePlateauDetectorTests.swift */ = {isa = PBXFileReference; lastKnownFileType = sourcecode.swift; path = SimpleCoveragePlateauDetectorTests.swift; sourceTree = "<group>"; };
		3F1917814603DE56511E5F24 /* DWARFSymbolizer.swift */ = {isa = PBXFileReference; lastKnownFileType = sourcecode.swift; path = DWARFSymbolizer.swift; sourceTree = "<group>"; };
		3F5DD8CB2128FA92846AA71F /* Testing.framework */ = {isa = PBXFileReference; lastKnownFileType = wrapper.framework; path = Testing.framework; sourceTree = "<group>"; };
		3FFCEA0CB033829BFBAEFA52 /* CorpusCoder.swift */ = {isa = PBXFileReference; lastKnownFileType = sourcecode.swift; path = CorpusCoder.swift; sourceTree = "<group>"; };
		40672CAD432576A4635C1676 /* STADSPlateauDetectorPlugin.swift */ = {isa = PBXFileReference; lastKnownFileType = sourcecode.swift; path = STADSPlateauDetectorPlugin.swift; sourceTree = "<group>"; };
		4401B1A5DC7E001073C6D2B1 /* FuzzEngine.swift */ = {isa = PBXFileReference; lastKnownFileType = sourcecode.swift; path = FuzzEngine.swift; sourceTree = "<group>"; };
		49412A507ECD93C3E85C649B /* CorpusEntryType.swift */ = {isa = PBXFileReference; lastKnownFileType = sourcecode.swift; path = CorpusEntryType.swift; sourceTree = "<group>"; };
		4F25239605AF76FC51FDDF99 /* CorpusSchema.swift */ = {isa = PBXFileReference; lastKnownFileType = sourcecode.swift; path = CorpusSchema.swift; sourceTree = "<group>"; };
		52C1DEE9A4340554236C9F32 /* SparseCoverage.swift */ = {isa = PBXFileReference; lastKnownFileType = sourcecode.swift; path = SparseCoverage.swift; sourceTree = "<group>"; };
		5305591133199EC528A0A92D /* UserService.swift */ = {isa = PBXFileReference; lastKnownFileType = sourcecode.swift; path = UserService.swift; sourceTree = "<group>"; };
		5DE9A7DAD99528274ED05439 /* DeterministicTimingTests.swift */ = {isa = PBXFileReference; lastKnownFileType = sourcecode.swift; path = DeterministicTimingTests.swift; sourceTree = "<group>"; };
		683A330BCB90F626B21D2422 /* CustomFuzzableTests.swift */ = {isa = PBXFileReference; lastKnownFileType = sourcecode.swift; path = CustomFuzzableTests.swift; sourceTree = "<group>"; };
		6B4DC0FA0EFB0DDF25E4C353 /* CLLVMSymbolizer.cpp */ = {isa = PBXFileReference; lastKnownFileType = sourcecode.cpp.cpp; path = CLLVMSymbolizer.cpp; sourceTree = "<group>"; };
		6B7DA3E55A8132FE210D8EAF /* CoverageCountersClient.swift */ = {isa = PBXFileReference; lastKnownFileType = sourcecode.swift; path = CoverageCountersClient.swift; sourceTree = "<group>"; };
		7769DE997855D0C94C1C405F /* FuzzResult.swift */ = {isa = PBXFileReference; lastKnownFileType = sourcecode.swift; path = FuzzResult.swift; sourceTree = "<group>"; };
		797B369A783CF8DA4F7C9190 /* RaceConditionTests.swift */ = {isa = PBXFileReference; lastKnownFileType = sourcecode.swift; path = RaceConditionTests.swift; sourceTree = "<group>"; };
		7C98CB65B3ADE29BB300C7EA /* ShrinkStats.swift */ = {isa = PBXFileReference; lastKnownFileType = sourcecode.swift; path = ShrinkStats.swift; sourceTree = "<group>"; };
		7DA5B74380237260F7E42D71 /* TestCaseShrinker.swift */ = {isa = PBXFileReference; lastKnownFileType = sourcecode.swift; path = TestCaseShrinker.swift; sourceTree = "<group>"; };
		801978DFD141E3190DC8219D /* DWARFSourceLocation.swift */ = {isa = PBXFileReference; lastKnownFileType = sourcecode.swift; path = DWARFSourceLocation.swift; sourceTree = "<group>"; };
		805D70C5E70888046E92D052 /* SanCovTests.xctest */ = {isa = PBXFileReference; explicitFileType = wrapper.cfbundle; includeInIndex = 0; path = SanCovTests.xctest; sourceTree = BUILT_PRODUCTS_DIR; };
		807ED515190705E70EEBD7FE /* SyncBox.swift */ = {isa = PBXFileReference; lastKnownFileType = sourcecode.swift; path = SyncBox.swift; sourceTree = "<group>"; };
		8D5B1DD3570EBB6E7D12F912 /* FuzzableProtocolTests.swift */ = {isa = PBXFileReference; lastKnownFileType = sourcecode.swift; path = FuzzableProtocolTests.swift; sourceTree = "<group>"; };
		8DCFCD27F236B21539FDC070 /* DateClient.swift */ = {isa = PBXFileReference; lastKnownFileType = sourcecode.swift; path = DateClient.swift; sourceTree = "<group>"; };
		8FED37BAA14224125F5AD7CA /* CorpusPersistenceClient.swift */ = {isa = PBXFileReference; lastKnownFileType = sourcecode.swift; path = CorpusPersistenceClient.swift; sourceTree = "<group>"; };
		9090D11CEB59C93417F2F4F6 /* Character+Fuzzable.swift */ = {isa = PBXFileReference; lastKnownFileType = sourcecode.swift; path = "Character+Fuzzable.swift"; sourceTree = "<group>"; };
		94EB367A0BBDEA977C219F3A /* SimpleCoveragePlateauDetector.swift */ = {isa = PBXFileReference; lastKnownFileType = sourcecode.swift; path = SimpleCoveragePlateauDetector.swift; sourceTree = "<group>"; };
		96C9C5A0907E3C1FF9A53837 /* Double+Fuzzable.swift */ = {isa = PBXFileReference; lastKnownFileType = sourcecode.swift; path = "Double+Fuzzable.swift"; sourceTree = "<group>"; };
		99DF2D2D7A9C78BEFDA1C9FF /* FuzzAPITests.swift */ = {isa = PBXFileReference; lastKnownFileType = sourcecode.swift; path = FuzzAPITests.swift; sourceTree = "<group>"; };
		9BD8E7DDBFB1256A08DEBE05 /* CoverageSignature.swift */ = {isa = PBXFileReference; lastKnownFileType = sourcecode.swift; path = CoverageSignature.swift; sourceTree = "<group>"; };
		9DA6786D89438D0199BF0412 /* UncoveredRegion.swift */ = {isa = PBXFileReference; lastKnownFileType = sourcecode.swift; path = UncoveredRegion.swift; sourceTree = "<group>"; };
		9E53225F99BA35278DB06DA6 /* CorpusTests.swift */ = {isa = PBXFileReference; lastKnownFileType = sourcecode.swift; path = CorpusTests.swift; sourceTree = "<group>"; };
		A0C4FC87637FA205C20057C9 /* ShrinkConfig.swift */ = {isa = PBXFileReference; lastKnownFileType = sourcecode.swift; path = ShrinkConfig.swift; sourceTree = "<group>"; };
		A179A4CAD0B9C0FC0DF76A85 /* DWARFSymbolizerHelper.swift */ = {isa = PBXFileReference; lastKnownFileType = sourcecode.swift; path = DWARFSymbolizerHelper.swift; sourceTree = "<group>"; };
		A18400D950AE2D1D13443E9A /* FuzzAPI.swift */ = {isa = PBXFileReference; lastKnownFileType = sourcecode.swift; path = FuzzAPI.swift; sourceTree = "<group>"; };
		A1C4EDCAB19E2F65E521C289 /* String+Fuzzable.swift */ = {isa = PBXFileReference; lastKnownFileType = sourcecode.swift; path = "String+Fuzzable.swift"; sourceTree = "<group>"; };
		A3DC7247C29C4368A12DBDC7 /* CartesianProduct.swift */ = {isa = PBXFileReference; lastKnownFileType = sourcecode.swift; path = CartesianProduct.swift; sourceTree = "<group>"; };
		A5A7DD272E538B8E8CFE5C75 /* CoverageGapDetectorTests.swift */ = {isa = PBXFileReference; lastKnownFileType = sourcecode.swift; path = CoverageGapDetectorTests.swift; sourceTree = "<group>"; };
		ACE4D8AA0A411B9988FA7E7C /* FuzzEngine+Config.swift */ = {isa = PBXFileReference; lastKnownFileType = sourcecode.swift; path = "FuzzEngine+Config.swift"; sourceTree = "<group>"; };
		AF1E91685C6019AA1D8E23F9 /* Synchronized.swift */ = {isa = PBXFileReference; lastKnownFileType = sourcecode.swift; path = Synchronized.swift; sourceTree = "<group>"; };
		B155EAF0286844D09A5709EC /* TaskResults.swift */ = {isa = PBXFileReference; lastKnownFileType = sourcecode.swift; path = TaskResults.swift; sourceTree = "<group>"; };
		B37ED10677A92DC01DD0B289 /* SaturationPlateauDetectorTests.swift */ = {isa = PBXFileReference; lastKnownFileType = sourcecode.swift; path = SaturationPlateauDetectorTests.swift; sourceTree = "<group>"; };
		B60A0F1AE1DD32B9E72168DE /* Array+Shrinkable.swift */ = {isa = PBXFileReference; lastKnownFileType = sourcecode.swift; path = "Array+Shrinkable.swift"; sourceTree = "<group>"; };
		B64D06718A05E1272E84861D /* MockDatabase.swift */ = {isa = PBXFileReference; lastKnownFileType = sourcecode.swift; path = MockDatabase.swift; sourceTree = "<group>"; };
		C13A3C0DDB843401611C6BCC /* Bool+Fuzzable.swift */ = {isa = PBXFileReference; lastKnownFileType = sourcecode.swift; path = "Bool+Fuzzable.swift"; sourceTree = "<group>"; };
		C46A7E2288E1AE7A59B100CF /* FuzzPlugin.swift */ = {isa = PBXFileReference; lastKnownFileType = sourcecode.swift; path = FuzzPlugin.swift; sourceTree = "<group>"; };
		C4C33B33085A4DB5D1981F0A /* CoverageCountersTests.swift */ = {isa = PBXFileReference; lastKnownFileType = sourcecode.swift; path = CoverageCountersTests.swift; sourceTree = "<group>"; };
		C5A515E40A855C623BC509BC /* CoverageGapDetector.swift */ = {isa = PBXFileReference; lastKnownFileType = sourcecode.swift; path = CoverageGapDetector.swift; sourceTree = "<group>"; };
		C6B7D375C4052AA3BFE8E32A /* RandomNumberGeneratorClient.swift */ = {isa = PBXFileReference; lastKnownFileType = sourcecode.swift; path = RandomNumberGeneratorClient.swift; sourceTree = "<group>"; };
		C7F23079959F6B89989AD2EB /* CorpusMode.swift */ = {isa = PBXFileReference; lastKnownFileType = sourcecode.swift; path = CorpusMode.swift; sourceTree = "<group>"; };
		C8D72A5EBCA28D84F6AECC0B /* Data+Shrinkable.swift */ = {isa = PBXFileReference; lastKnownFileType = sourcecode.swift; path = "Data+Shrinkable.swift"; sourceTree = "<group>"; };
		CB119BBD24F520783D33BA6F /* SanCovHooks.c */ = {isa = PBXFileReference; lastKnownFileType = sourcecode.c.c; path = SanCovHooks.c; sourceTree = "<group>"; };
		CBD2703ECFC03CDB4AF0A1EC /* SeededRandomNumberGenerator.swift */ = {isa = PBXFileReference; lastKnownFileType = sourcecode.swift; path = SeededRandomNumberGenerator.swift; sourceTree = "<group>"; };
		CCEE0E1BF3B9166CBA9A3C59 /* HardToFuzzFunctions.swift */ = {isa = PBXFileReference; lastKnownFileType = sourcecode.swift; path = HardToFuzzFunctions.swift; sourceTree = "<group>"; };
		CE00ADF599F29D727647ECE4 /* Array+Fuzzable.swift */ = {isa = PBXFileReference; lastKnownFileType = sourcecode.swift; path = "Array+Fuzzable.swift"; sourceTree = "<group>"; };
		CF44990BD642A0A6FBF94C6F /* SaturationPlateauDetectorPlugin.swift */ = {isa = PBXFileReference; lastKnownFileType = sourcecode.swift; path = SaturationPlateauDetectorPlugin.swift; sourceTree = "<group>"; };
		CF7909559B042C15C36EAABE /* PropertyTestingKitTests.xctest */ = {isa = PBXFileReference; explicitFileType = wrapper.cfbundle; includeInIndex = 0; path = PropertyTestingKitTests.xctest; sourceTree = BUILT_PRODUCTS_DIR; };
		D22DDC98AF9435971589CF56 /* Int+Fuzzable.swift */ = {isa = PBXFileReference; lastKnownFileType = sourcecode.swift; path = "Int+Fuzzable.swift"; sourceTree = "<group>"; };
		D2671C4A43D9243DDBC246A9 /* DWARFSymbolizerError.swift */ = {isa = PBXFileReference; lastKnownFileType = sourcecode.swift; path = DWARFSymbolizerError.swift; sourceTree = "<group>"; };
		D51DB081E26BBC926EBD26BD /* Mutator.swift */ = {isa = PBXFileReference; lastKnownFileType = sourcecode.swift; path = Mutator.swift; sourceTree = "<group>"; };
		D675F3742488937DF00D923F /* FunctionSizeLookup.swift */ = {isa = PBXFileReference; lastKnownFileType = sourcecode.swift; path = FunctionSizeLookup.swift; sourceTree = "<group>"; };
		D708E6A5A1B65DA927AFEA9E /* CorpusEntry.swift */ = {isa = PBXFileReference; lastKnownFileType = sourcecode.swift; path = CorpusEntry.swift; sourceTree = "<group>"; };
		D75DF1865747DCBCB1AA0F9F /* StoppingConditionPlugin.swift */ = {isa = PBXFileReference; lastKnownFileType = sourcecode.swift; path = StoppingConditionPlugin.swift; sourceTree = "<group>"; };
		D9AB1FE9A26A576DB0D5550E /* Macros.swift */ = {isa = PBXFileReference; lastKnownFileType = sourcecode.swift; path = Macros.swift; sourceTree = "<group>"; };
		D9B8430D41323168F71EBA35 /* DefaultShrinkingPlugin.swift */ = {isa = PBXFileReference; lastKnownFileType = sourcecode.swift; path = DefaultShrinkingPlugin.swift; sourceTree = "<group>"; };
		DA3C0B16540F4626B5B88CD7 /* Corpus.swift */ = {isa = PBXFileReference; lastKnownFileType = sourcecode.swift; path = Corpus.swift; sourceTree = "<group>"; };
		DCDB2199470F533775067DB9 /* EventBasedPlateauDetectorPlugin.swift */ = {isa = PBXFileReference; lastKnownFileType = sourcecode.swift; path = EventBasedPlateauDetectorPlugin.swift; sourceTree = "<group>"; };
		DF69D0BBA6357FA0A5F78ABC /* ck_ht.c */ = {isa = PBXFileReference; lastKnownFileType = sourcecode.c.c; path = ck_ht.c; sourceTree = "<group>"; };
		E0ABBB2AC9890A3F64DAF698 /* SaturationPlateauDetector.swift */ = {isa = PBXFileReference; lastKnownFileType = sourcecode.swift; path = SaturationPlateauDetector.swift; sourceTree = "<group>"; };
		E3286F279F14B496AD89F0BE /* MultiComponentShrinker.swift */ = {isa = PBXFileReference; lastKnownFileType = sourcecode.swift; path = MultiComponentShrinker.swift; sourceTree = "<group>"; };
		E6E3AD5DC96FE62C844BFA88 /* FuzzerStressTests.swift */ = {isa = PBXFileReference; lastKnownFileType = sourcecode.swift; path = FuzzerStressTests.swift; sourceTree = "<group>"; };
		E710A18D4C3A68A36CF37040 /* CoverageGap.swift */ = {isa = PBXFileReference; lastKnownFileType = sourcecode.swift; path = CoverageGap.swift; sourceTree = "<group>"; };
		EF7AA1611BFAAB73EE70CA85 /* libCLLVMSymbolizer.a */ = {isa = PBXFileReference; explicitFileType = archive.ar; includeInIndex = 0; path = libCLLVMSymbolizer.a; sourceTree = BUILT_PRODUCTS_DIR; };
		EF833B020283C4892D55D53C /* CoverageBenchmarks.swift */ = {isa = PBXFileReference; lastKnownFileType = sourcecode.swift; path = CoverageBenchmarks.swift; sourceTree = "<group>"; };
		F1E97A029218EB361C14F01D /* DWARFSymbolizerTests.swift */ = {isa = PBXFileReference; lastKnownFileType = sourcecode.swift; path = DWARFSymbolizerTests.swift; sourceTree = "<group>"; };
		F3E63606AF341F913872CB76 /* CoverageGapReport.swift */ = {isa = PBXFileReference; lastKnownFileType = sourcecode.swift; path = CoverageGapReport.swift; sourceTree = "<group>"; };
		F46057CB7F84DA3671178057 /* EnvironmentClient.swift */ = {isa = PBXFileReference; lastKnownFileType = sourcecode.swift; path = EnvironmentClient.swift; sourceTree = "<group>"; };
		F58C560D0D81EBCA41AC8282 /* TestCaseShrinkerTests.swift */ = {isa = PBXFileReference; lastKnownFileType = sourcecode.swift; path = TestCaseShrinkerTests.swift; sourceTree = "<group>"; };
		F5F59F7C0FD59FAD26BADFE6 /* PlateauDetectorPlugin.swift */ = {isa = PBXFileReference; lastKnownFileType = sourcecode.swift; path = PlateauDetectorPlugin.swift; sourceTree = "<group>"; };
		F7B5F39FFCE93451B38B3FBA /* PropertyBasedSelfTests.swift */ = {isa = PBXFileReference; lastKnownFileType = sourcecode.swift; path = PropertyBasedSelfTests.swift; sourceTree = "<group>"; };
		F9091C3EF601AF281CEC4E3A /* String+Shrinkable.swift */ = {isa = PBXFileReference; lastKnownFileType = sourcecode.swift; path = "String+Shrinkable.swift"; sourceTree = "<group>"; };
		FC16934A7D0ADDA3859FDFCA /* libSanCovHooks.a */ = {isa = PBXFileReference; explicitFileType = archive.ar; includeInIndex = 0; path = libSanCovHooks.a; sourceTree = BUILT_PRODUCTS_DIR; };
		FFF4F63E42A1153F798F4A15 /* CorpusClient.swift */ = {isa = PBXFileReference; lastKnownFileType = sourcecode.swift; path = CorpusClient.swift; sourceTree = "<group>"; };
/* End PBXFileReference section */

/* Begin PBXFrameworksBuildPhase section */
		46649763F0389B97CACC72DE /* Frameworks */ = {
			isa = PBXFrameworksBuildPhase;
			buildActionMask = 2147483647;
			files = (
				509CC5C943C5ECF47E29EF7C /* PropertyTestingKit.framework in Frameworks */,
			);
			runOnlyForDeploymentPostprocessing = 0;
		};
		57F978D7FFE93A2742DD54C9 /* Frameworks */ = {
			isa = PBXFrameworksBuildPhase;
			buildActionMask = 2147483647;
			files = (
				D5304C43DD6EFBF89321404D /* PropertyTestingKit.framework in Frameworks */,
			);
			runOnlyForDeploymentPostprocessing = 0;
		};
		ABBB0FD038CD62E5CB2A1FF7 /* Frameworks */ = {
			isa = PBXFrameworksBuildPhase;
			buildActionMask = 2147483647;
			files = (
				A1B5C9D7B4345854FF5D488A /* PropertyTestingKit.framework in Frameworks */,
			);
			runOnlyForDeploymentPostprocessing = 0;
		};
		CD10D50D4495AF0639255840 /* Frameworks */ = {
			isa = PBXFrameworksBuildPhase;
			buildActionMask = 2147483647;
			files = (
				F175208C6823ED3BC2A92224 /* PropertyTestingKit.framework in Frameworks */,
				589D0164A415C152CDD4B160 /* Benchmark in Frameworks */,
			);
			runOnlyForDeploymentPostprocessing = 0;
		};
		F497AFBEE2475B89F01655D3 /* Frameworks */ = {
			isa = PBXFrameworksBuildPhase;
			buildActionMask = 2147483647;
			files = (
				8CBB720CE81E97F2750950E1 /* libSanCovHooks.a in Frameworks */,
				79D489B6D89C771503E3F4C8 /* libCLLVMSymbolizer.a in Frameworks */,
				C6BD19DBD991F706DF3597D2 /* Dependencies in Frameworks */,
				EDA4F3DF2A8772887434F792 /* Testing.framework in Frameworks */,
			);
			runOnlyForDeploymentPostprocessing = 0;
		};
		FEB4A3E29EA762605109B2DE /* Frameworks */ = {
			isa = PBXFrameworksBuildPhase;
			buildActionMask = 2147483647;
			files = (
				286622DA029C3AC20D7DA262 /* PropertyTestingKit.framework in Frameworks */,
				CFEE279397531A3509632FAA /* FunctionSpy in Frameworks */,
			);
			runOnlyForDeploymentPostprocessing = 0;
		};
/* End PBXFrameworksBuildPhase section */

/* Begin PBXGroup section */
		1030A957868366F4FD9125D1 /* Dependencies */ = {
			isa = PBXGroup;
			children = (
				FFF4F63E42A1153F798F4A15 /* CorpusClient.swift */,
				8FED37BAA14224125F5AD7CA /* CorpusPersistenceClient.swift */,
				6B7DA3E55A8132FE210D8EAF /* CoverageCountersClient.swift */,
				8DCFCD27F236B21539FDC070 /* DateClient.swift */,
				F46057CB7F84DA3671178057 /* EnvironmentClient.swift */,
				0A5FD30F272F4610F9D0637A /* FileManagerClient.swift */,
				C6B7D375C4052AA3BFE8E32A /* RandomNumberGeneratorClient.swift */,
			);
			path = Dependencies;
			sourceTree = "<group>";
		};
		1FF8C783A0FF8DC59C8B97F5 /* TSanTests */ = {
			isa = PBXGroup;
			children = (
				797B369A783CF8DA4F7C9190 /* RaceConditionTests.swift */,
			);
			name = TSanTests;
			path = Tests/TSanTests;
			sourceTree = "<group>";
		};
		22B14C46021ADC551142A93F /* TestCaseShrinker */ = {
			isa = PBXGroup;
			children = (
				13045E2C359AB3AFCD8C3FF9 /* AnyShrinkable.swift */,
				E3286F279F14B496AD89F0BE /* MultiComponentShrinker.swift */,
				A0C4FC87637FA205C20057C9 /* ShrinkConfig.swift */,
				0A1857217E99772D144C79B7 /* ShrinkResult.swift */,
				7C98CB65B3ADE29BB300C7EA /* ShrinkStats.swift */,
				807ED515190705E70EEBD7FE /* SyncBox.swift */,
				7DA5B74380237260F7E42D71 /* TestCaseShrinker.swift */,
				2E361748AD895F31D637FA0C /* Shrinkable */,
			);
			path = TestCaseShrinker;
			sourceTree = "<group>";
		};
		23F43A795965F6FB0B6C1005 = {
			isa = PBXGroup;
			children = (
				A02618471FF4E5CAE16C036E /* CLLVMSymbolizer */,
				D90E9AECF33092EB6E4921C9 /* CoverageBenchmarks */,
				7772FE8E711FE4E44FDBBA37 /* PropertyTestingKit */,
				BDDFFD2714DEB826C97E5A69 /* PropertyTestingKitTests */,
				3FC766561AF37D20D5723CE6 /* SanCovHooks */,
				C57630F4E61E4FE3B2C652DC /* SanCovTests */,
				CFEBB383E2A4D3C0FFC7FC4F /* StressTests */,
				1FF8C783A0FF8DC59C8B97F5 /* TSanTests */,
				3A8850690985797B04B95710 /* Frameworks */,
				242BA066D9B0C1EE32B183C1 /* Products */,
			);
			sourceTree = "<group>";
		};
		242BA066D9B0C1EE32B183C1 /* Products */ = {
			isa = PBXGroup;
			children = (
				021ACDF8BE3B266FA44EEDBD /* CoverageBenchmarks */,
				EF7AA1611BFAAB73EE70CA85 /* libCLLVMSymbolizer.a */,
				FC16934A7D0ADDA3859FDFCA /* libSanCovHooks.a */,
				2595E9AD80DBFC77F241A7E7 /* PropertyTestingKit.framework */,
				CF7909559B042C15C36EAABE /* PropertyTestingKitTests.xctest */,
				805D70C5E70888046E92D052 /* SanCovTests.xctest */,
				08D9F63994131BD074E1BE90 /* StressTests.xctest */,
				1B7FA0AAC10E7E2DB5FD6CDE /* TSanTests.xctest */,
			);
			name = Products;
			sourceTree = "<group>";
		};
		26D6CB1C8AA619AF6EA639F6 /* Coverage */ = {
			isa = PBXGroup;
			children = (
				F1E97A029218EB361C14F01D /* DWARFSymbolizerTests.swift */,
			);
			path = Coverage;
			sourceTree = "<group>";
		};
		2E361748AD895F31D637FA0C /* Shrinkable */ = {
			isa = PBXGroup;
			children = (
				B60A0F1AE1DD32B9E72168DE /* Array+Shrinkable.swift */,
				C8D72A5EBCA28D84F6AECC0B /* Data+Shrinkable.swift */,
				0A401389A02B82B842F9ED0F /* Shrinkable.swift */,
				F9091C3EF601AF281CEC4E3A /* String+Shrinkable.swift */,
			);
			path = Shrinkable;
			sourceTree = "<group>";
		};
		331FF506A56D2F60F9E25916 /* CoverageGap */ = {
			isa = PBXGroup;
			children = (
				E710A18D4C3A68A36CF37040 /* CoverageGap.swift */,
				C5A515E40A855C623BC509BC /* CoverageGapDetector.swift */,
				F3E63606AF341F913872CB76 /* CoverageGapReport.swift */,
				9DA6786D89438D0199BF0412 /* UncoveredRegion.swift */,
			);
			path = CoverageGap;
			sourceTree = "<group>";
		};
		3A8850690985797B04B95710 /* Frameworks */ = {
			isa = PBXGroup;
			children = (
				3F5DD8CB2128FA92846AA71F /* Testing.framework */,
			);
			name = Frameworks;
			sourceTree = "<group>";
		};
		3FC766561AF37D20D5723CE6 /* SanCovHooks */ = {
			isa = PBXGroup;
			children = (
				DF69D0BBA6357FA0A5F78ABC /* ck_ht.c */,
				CB119BBD24F520783D33BA6F /* SanCovHooks.c */,
			);
			name = SanCovHooks;
			path = Sources/SanCovHooks;
			sourceTree = "<group>";
		};
		7397170BA7D821E3A51C70A8 /* DWARF */ = {
			isa = PBXGroup;
			children = (
				801978DFD141E3190DC8219D /* DWARFSourceLocation.swift */,
				3F1917814603DE56511E5F24 /* DWARFSymbolizer.swift */,
				D2671C4A43D9243DDBC246A9 /* DWARFSymbolizerError.swift */,
				A179A4CAD0B9C0FC0DF76A85 /* DWARFSymbolizerHelper.swift */,
			);
			path = DWARF;
			sourceTree = "<group>";
		};
		74D7DFE6A4AE677D39C4DD8C /* Corpus */ = {
			isa = PBXGroup;
			children = (
				DA3C0B16540F4626B5B88CD7 /* Corpus.swift */,
				3FFCEA0CB033829BFBAEFA52 /* CorpusCoder.swift */,
				D708E6A5A1B65DA927AFEA9E /* CorpusEntry.swift */,
				49412A507ECD93C3E85C649B /* CorpusEntryType.swift */,
				4F25239605AF76FC51FDDF99 /* CorpusSchema.swift */,
				2CF3A4D9068E7899D99B8C01 /* FailureInfo.swift */,
			);
			path = Corpus;
			sourceTree = "<group>";
		};
		7772FE8E711FE4E44FDBBA37 /* PropertyTestingKit */ = {
			isa = PBXGroup;
			children = (
				A3DC7247C29C4368A12DBDC7 /* CartesianProduct.swift */,
				D9AB1FE9A26A576DB0D5550E /* Macros.swift */,
				9389B3080515AB75B3627EE4 /* Coverage */,
				1030A957868366F4FD9125D1 /* Dependencies */,
				8E0551F1E322C33BFF09CCAE /* Fuzzing */,
			);
			name = PropertyTestingKit;
			path = Sources/PropertyTestingKit;
			sourceTree = "<group>";
		};
		891BA1BD3F8329706112A9C3 /* Fuzzable */ = {
			isa = PBXGroup;
			children = (
				CE00ADF599F29D727647ECE4 /* Array+Fuzzable.swift */,
				C13A3C0DDB843401611C6BCC /* Bool+Fuzzable.swift */,
				9090D11CEB59C93417F2F4F6 /* Character+Fuzzable.swift */,
				96C9C5A0907E3C1FF9A53837 /* Double+Fuzzable.swift */,
				0E2CCED33C681E7189FA6A47 /* Fuzzable.swift */,
				D22DDC98AF9435971589CF56 /* Int+Fuzzable.swift */,
				22C52228B4908E47A6DF38B1 /* Optional+Fuzzable.swift */,
				A1C4EDCAB19E2F65E521C289 /* String+Fuzzable.swift */,
				029261475F37B2CCF9E0B0F7 /* UInt+Fuzzable.swift */,
			);
			path = Fuzzable;
			sourceTree = "<group>";
		};
		8E0551F1E322C33BFF09CCAE /* Fuzzing */ = {
			isa = PBXGroup;
			children = (
				9BD8E7DDBFB1256A08DEBE05 /* CoverageSignature.swift */,
				A18400D950AE2D1D13443E9A /* FuzzAPI.swift */,
				D51DB081E26BBC926EBD26BD /* Mutator.swift */,
				E0ABBB2AC9890A3F64DAF698 /* SaturationPlateauDetector.swift */,
				94EB367A0BBDEA977C219F3A /* SimpleCoveragePlateauDetector.swift */,
				1733E8C2C5D2FC2BC7394036 /* STADSPlateauDetector.swift */,
				74D7DFE6A4AE677D39C4DD8C /* Corpus */,
				331FF506A56D2F60F9E25916 /* CoverageGap */,
				891BA1BD3F8329706112A9C3 /* Fuzzable */,
				E1DAE30A40C7182EDB1A08B6 /* FuzzEngine */,
				F94CA8BDDC0253B0AA6FF70C /* Plugins */,
				22B14C46021ADC551142A93F /* TestCaseShrinker */,
			);
			path = Fuzzing;
			sourceTree = "<group>";
		};
		9389B3080515AB75B3627EE4 /* Coverage */ = {
			isa = PBXGroup;
			children = (
				D675F3742488937DF00D923F /* FunctionSizeLookup.swift */,
				2A865DFA08A7E0DE3F588EDB /* SanCovCounters.swift */,
				52C1DEE9A4340554236C9F32 /* SparseCoverage.swift */,
				7397170BA7D821E3A51C70A8 /* DWARF */,
			);
			path = Coverage;
			sourceTree = "<group>";
		};
		A02618471FF4E5CAE16C036E /* CLLVMSymbolizer */ = {
			isa = PBXGroup;
			children = (
				6B4DC0FA0EFB0DDF25E4C353 /* CLLVMSymbolizer.cpp */,
			);
			name = CLLVMSymbolizer;
			path = Sources/CLLVMSymbolizer;
			sourceTree = "<group>";
		};
		A77974B787838CD93CE6071A /* Support */ = {
			isa = PBXGroup;
			children = (
				CBD2703ECFC03CDB4AF0A1EC /* SeededRandomNumberGenerator.swift */,
				AF1E91685C6019AA1D8E23F9 /* Synchronized.swift */,
			);
			path = Support;
			sourceTree = "<group>";
		};
		BDDFFD2714DEB826C97E5A69 /* PropertyTestingKitTests */ = {
			isa = PBXGroup;
			children = (
				C4C33B33085A4DB5D1981F0A /* CoverageCountersTests.swift */,
				B64D06718A05E1272E84861D /* MockDatabase.swift */,
				F7B5F39FFCE93451B38B3FBA /* PropertyBasedSelfTests.swift */,
				5305591133199EC528A0A92D /* UserService.swift */,
				26D6CB1C8AA619AF6EA639F6 /* Coverage */,
				DC660732E9D43D922568F89E /* Fuzzing */,
				A77974B787838CD93CE6071A /* Support */,
			);
			name = PropertyTestingKitTests;
			path = Tests/PropertyTestingKitTests;
			sourceTree = "<group>";
		};
		C57630F4E61E4FE3B2C652DC /* SanCovTests */ = {
			isa = PBXGroup;
			children = (
				34658F2420967EA35E38058D /* SanCovIsolationTests.swift */,
			);
			name = SanCovTests;
			path = Tests/SanCovTests;
			sourceTree = "<group>";
		};
		CFEBB383E2A4D3C0FFC7FC4F /* StressTests */ = {
			isa = PBXGroup;
			children = (
				E6E3AD5DC96FE62C844BFA88 /* FuzzerStressTests.swift */,
				CCEE0E1BF3B9166CBA9A3C59 /* HardToFuzzFunctions.swift */,
			);
			name = StressTests;
			path = Tests/StressTests;
			sourceTree = "<group>";
		};
		D90E9AECF33092EB6E4921C9 /* CoverageBenchmarks */ = {
			isa = PBXGroup;
			children = (
				EF833B020283C4892D55D53C /* CoverageBenchmarks.swift */,
			);
			name = CoverageBenchmarks;
			path = Benchmarks/CoverageBenchmarks;
			sourceTree = "<group>";
		};
		DC660732E9D43D922568F89E /* Fuzzing */ = {
			isa = PBXGroup;
			children = (
				00EBA13944AF0B757005638A /* ConcurrentFuzzLoadTest.swift */,
				9E53225F99BA35278DB06DA6 /* CorpusTests.swift */,
				A5A7DD272E538B8E8CFE5C75 /* CoverageGapDetectorTests.swift */,
				09F9A66C1671353C4CCF4F16 /* CoverageSignatureTests.swift */,
				683A330BCB90F626B21D2422 /* CustomFuzzableTests.swift */,
				5DE9A7DAD99528274ED05439 /* DeterministicTimingTests.swift */,
				8D5B1DD3570EBB6E7D12F912 /* FuzzableProtocolTests.swift */,
				99DF2D2D7A9C78BEFDA1C9FF /* FuzzAPITests.swift */,
				0BC4138150CDC1ABC2DE7C65 /* FuzzEngineTests.swift */,
				2C2AB425C1886E9C43DA056F /* MutatorTests.swift */,
				B37ED10677A92DC01DD0B289 /* SaturationPlateauDetectorTests.swift */,
				3B56C4B9B3773FB6734D0821 /* SimpleCoveragePlateauDetectorTests.swift */,
				146B4C7BE9FB4A557084104F /* STADSPlateauDetectorTests.swift */,
				F58C560D0D81EBCA41AC8282 /* TestCaseShrinkerTests.swift */,
			);
			path = Fuzzing;
			sourceTree = "<group>";
		};
		E1DAE30A40C7182EDB1A08B6 /* FuzzEngine */ = {
			isa = PBXGroup;
			children = (
				C7F23079959F6B89989AD2EB /* CorpusMode.swift */,
				4401B1A5DC7E001073C6D2B1 /* FuzzEngine.swift */,
				ACE4D8AA0A411B9988FA7E7C /* FuzzEngine+Config.swift */,
				7769DE997855D0C94C1C405F /* FuzzResult.swift */,
				B155EAF0286844D09A5709EC /* TaskResults.swift */,
			);
			path = FuzzEngine;
			sourceTree = "<group>";
		};
		F94CA8BDDC0253B0AA6FF70C /* Plugins */ = {
			isa = PBXGroup;
			children = (
				06D254C3EBFD9F80B874BBEB /* AnalysisPlugin.swift */,
				112824CF90673942F0DC8528 /* CoverageGapPlugin.swift */,
				D9B8430D41323168F71EBA35 /* DefaultShrinkingPlugin.swift */,
				1BAB215F45EB4C8CA1934BEF /* EventBasedCoverageGapPlugin.swift */,
				DCDB2199470F533775067DB9 /* EventBasedPlateauDetectorPlugin.swift */,
				1471987A1097721AD7C3599F /* FuzzObserverPlugin.swift */,
				C46A7E2288E1AE7A59B100CF /* FuzzPlugin.swift */,
				2AF56A3C5CC98C189D94FACC /* FuzzPluginManager.swift */,
				F5F59F7C0FD59FAD26BADFE6 /* PlateauDetectorPlugin.swift */,
				CF44990BD642A0A6FBF94C6F /* SaturationPlateauDetectorPlugin.swift */,
				19A4AA0D8D28393DDC7CDD33 /* ShrinkingPlugin.swift */,
				40672CAD432576A4635C1676 /* STADSPlateauDetectorPlugin.swift */,
				D75DF1865747DCBCB1AA0F9F /* StoppingConditionPlugin.swift */,
			);
			path = Plugins;
			sourceTree = "<group>";
		};
/* End PBXGroup section */

/* Begin PBXNativeTarget section */
		00E9596C140254811771B723 /* SanCovTests */ = {
			isa = PBXNativeTarget;
			buildConfigurationList = 8877E32B52451DB13A83D579 /* Build configuration list for PBXNativeTarget "SanCovTests" */;
			buildPhases = (
				59F9AF94DC45BEA3BDFD72BB /* Sources */,
				ABBB0FD038CD62E5CB2A1FF7 /* Frameworks */,
				DECA1BC54DDCA700A18D6D13 /* Embed Frameworks */,
			);
			buildRules = (
			);
			dependencies = (
				37CC79096D3092425ABEFD35 /* PBXTargetDependency */,
			);
			name = SanCovTests;
			packageProductDependencies = (
			);
			productName = SanCovTests;
			productReference = 805D70C5E70888046E92D052 /* SanCovTests.xctest */;
			productType = "com.apple.product-type.bundle.unit-test";
		};
		05E982383D21A29F788C71F5 /* CLLVMSymbolizer */ = {
			isa = PBXNativeTarget;
			buildConfigurationList = 59A014D6C41911BAD1950B08 /* Build configuration list for PBXNativeTarget "CLLVMSymbolizer" */;
			buildPhases = (
				B40387843F63901784627AC3 /* Sources */,
			);
			buildRules = (
			);
			dependencies = (
			);
			name = CLLVMSymbolizer;
			packageProductDependencies = (
			);
			productName = CLLVMSymbolizer;
			productReference = EF7AA1611BFAAB73EE70CA85 /* libCLLVMSymbolizer.a */;
			productType = "com.apple.product-type.library.static";
		};
		3158F44FBF717D69B2A46E2E /* PropertyTestingKit */ = {
			isa = PBXNativeTarget;
			buildConfigurationList = 0863CD5D29BBB451F508D5A0 /* Build configuration list for PBXNativeTarget "PropertyTestingKit" */;
			buildPhases = (
				F5BD5870F25D77A932609344 /* Sources */,
				F497AFBEE2475B89F01655D3 /* Frameworks */,
			);
			buildRules = (
			);
			dependencies = (
				2AC0ACFBCD7D232DEAF7CAA0 /* PBXTargetDependency */,
				34A00355ACD39D303CD5E945 /* PBXTargetDependency */,
			);
			name = PropertyTestingKit;
			packageProductDependencies = (
				A493D2B71CD03B3B9D34DA14 /* Dependencies */,
			);
			productName = PropertyTestingKit;
			productReference = 2595E9AD80DBFC77F241A7E7 /* PropertyTestingKit.framework */;
			productType = "com.apple.product-type.framework";
		};
		5F7ED0684477D1C9FC1834A5 /* CoverageBenchmarks */ = {
			isa = PBXNativeTarget;
			buildConfigurationList = B7CA9713E7D8C787A61941AE /* Build configuration list for PBXNativeTarget "CoverageBenchmarks" */;
			buildPhases = (
				6FAEC171EAB33652890F6D25 /* Sources */,
				CD10D50D4495AF0639255840 /* Frameworks */,
			);
			buildRules = (
			);
			dependencies = (
				D887263A2077C704DB84CDF4 /* PBXTargetDependency */,
			);
			name = CoverageBenchmarks;
			packageProductDependencies = (
				E6A87E5EFC33D405ECEDD0E1 /* Benchmark */,
			);
			productName = CoverageBenchmarks;
			productReference = 021ACDF8BE3B266FA44EEDBD /* CoverageBenchmarks */;
			productType = "com.apple.product-type.tool";
		};
		5FED955AC4DD9D722F6367E3 /* SanCovHooks */ = {
			isa = PBXNativeTarget;
			buildConfigurationList = 2458F41F66F6D33EEAD3E048 /* Build configuration list for PBXNativeTarget "SanCovHooks" */;
			buildPhases = (
				7874CDBF2D8C64615D926B36 /* Sources */,
			);
			buildRules = (
			);
			dependencies = (
			);
			name = SanCovHooks;
			packageProductDependencies = (
			);
			productName = SanCovHooks;
			productReference = FC16934A7D0ADDA3859FDFCA /* libSanCovHooks.a */;
			productType = "com.apple.product-type.library.static";
		};
		B0BE09FFE9F586EDF3FC5EB9 /* TSanTests */ = {
			isa = PBXNativeTarget;
			buildConfigurationList = F69A8FB46A72F5538B4C3216 /* Build configuration list for PBXNativeTarget "TSanTests" */;
			buildPhases = (
				590C4505F33C0477665463F3 /* Sources */,
				57F978D7FFE93A2742DD54C9 /* Frameworks */,
				AED4ACCAA97664737992B629 /* Embed Frameworks */,
			);
			buildRules = (
			);
			dependencies = (
				2B83C13DC61A9375C34ADC41 /* PBXTargetDependency */,
			);
			name = TSanTests;
			packageProductDependencies = (
			);
			productName = TSanTests;
			productReference = 1B7FA0AAC10E7E2DB5FD6CDE /* TSanTests.xctest */;
			productType = "com.apple.product-type.bundle.unit-test";
		};
		D4538A35BACFC3EADBA7A08C /* StressTests */ = {
			isa = PBXNativeTarget;
			buildConfigurationList = 8083F2345F7DC62495A61A4D /* Build configuration list for PBXNativeTarget "StressTests" */;
			buildPhases = (
				BE1DF3B91A85EA95DDF2C09F /* Sources */,
				46649763F0389B97CACC72DE /* Frameworks */,
				1858EF307BE382B917F18073 /* Embed Frameworks */,
			);
			buildRules = (
			);
			dependencies = (
				262D309FD6AE92B2135A9D59 /* PBXTargetDependency */,
			);
			name = StressTests;
			packageProductDependencies = (
			);
			productName = StressTests;
			productReference = 08D9F63994131BD074E1BE90 /* StressTests.xctest */;
			productType = "com.apple.product-type.bundle.unit-test";
		};
		E50766C553D412A57A53F038 /* PropertyTestingKitTests */ = {
			isa = PBXNativeTarget;
			buildConfigurationList = DA62F1D8A65E7BD1CCEAC4B9 /* Build configuration list for PBXNativeTarget "PropertyTestingKitTests" */;
			buildPhases = (
				CC17A3EC062E2949220C1C5D /* Sources */,
				FEB4A3E29EA762605109B2DE /* Frameworks */,
				8E8DF323649F55BBD87DBBEF /* Embed Frameworks */,
			);
			buildRules = (
			);
			dependencies = (
				8F8681EAB8DF7130542BBC28 /* PBXTargetDependency */,
			);
			name = PropertyTestingKitTests;
			packageProductDependencies = (
				F0BEB91D5B04B84629BA665A /* FunctionSpy */,
			);
			productName = PropertyTestingKitTests;
			productReference = CF7909559B042C15C36EAABE /* PropertyTestingKitTests.xctest */;
			productType = "com.apple.product-type.bundle.unit-test";
		};
/* End PBXNativeTarget section */

/* Begin PBXProject section */
		93269515397F3B540BE8A95E /* Project object */ = {
			isa = PBXProject;
			attributes = {
				BuildIndependentTargetsInParallel = YES;
				LastUpgradeCheck = 1600;
			};
			buildConfigurationList = 94E3D3F6BDDA12969B705528 /* Build configuration list for PBXProject "PropertyTestingKit" */;
			compatibilityVersion = "Xcode 14.0";
			developmentRegion = en;
			hasScannedForEncodings = 0;
			knownRegions = (
				Base,
				en,
			);
			mainGroup = 23F43A795965F6FB0B6C1005;
			minimizedProjectReferenceProxies = 1;
			packageReferences = (
				1210619D1E73774D621E2E7E /* XCRemoteSwiftPackageReference "FunctionSpy" */,
				E3D499669E4759325EF6414E /* XCRemoteSwiftPackageReference "package-benchmark" */,
				FE7753DCDC2B738759F3B507 /* XCRemoteSwiftPackageReference "swift-dependencies" */,
			);
			preferredProjectObjectVersion = 77;
			projectDirPath = "";
			projectRoot = "";
			targets = (
				05E982383D21A29F788C71F5 /* CLLVMSymbolizer */,
				5F7ED0684477D1C9FC1834A5 /* CoverageBenchmarks */,
				3158F44FBF717D69B2A46E2E /* PropertyTestingKit */,
				E50766C553D412A57A53F038 /* PropertyTestingKitTests */,
				5FED955AC4DD9D722F6367E3 /* SanCovHooks */,
				00E9596C140254811771B723 /* SanCovTests */,
				D4538A35BACFC3EADBA7A08C /* StressTests */,
				B0BE09FFE9F586EDF3FC5EB9 /* TSanTests */,
			);
		};
/* End PBXProject section */

/* Begin PBXSourcesBuildPhase section */
		590C4505F33C0477665463F3 /* Sources */ = {
			isa = PBXSourcesBuildPhase;
			buildActionMask = 2147483647;
			files = (
				4663EC7618D3511158524207 /* RaceConditionTests.swift in Sources */,
			);
			runOnlyForDeploymentPostprocessing = 0;
		};
		59F9AF94DC45BEA3BDFD72BB /* Sources */ = {
			isa = PBXSourcesBuildPhase;
			buildActionMask = 2147483647;
			files = (
				6C92AFA4A8A89008D14C5645 /* SanCovIsolationTests.swift in Sources */,
			);
			runOnlyForDeploymentPostprocessing = 0;
		};
		6FAEC171EAB33652890F6D25 /* Sources */ = {
			isa = PBXSourcesBuildPhase;
			buildActionMask = 2147483647;
			files = (
				8583A6B9CC8AE06E1F34F8C4 /* CoverageBenchmarks.swift in Sources */,
			);
			runOnlyForDeploymentPostprocessing = 0;
		};
		7874CDBF2D8C64615D926B36 /* Sources */ = {
			isa = PBXSourcesBuildPhase;
			buildActionMask = 2147483647;
			files = (
				C767CFCE0529D3F2A03C1C12 /* SanCovHooks.c in Sources */,
				17D551F0DC9A49573320CBC2 /* ck_ht.c in Sources */,
			);
			runOnlyForDeploymentPostprocessing = 0;
		};
		B40387843F63901784627AC3 /* Sources */ = {
			isa = PBXSourcesBuildPhase;
			buildActionMask = 2147483647;
			files = (
				DB3B9AFA08DCD50172E473CB /* CLLVMSymbolizer.cpp in Sources */,
			);
			runOnlyForDeploymentPostprocessing = 0;
		};
		BE1DF3B91A85EA95DDF2C09F /* Sources */ = {
			isa = PBXSourcesBuildPhase;
			buildActionMask = 2147483647;
			files = (
				A4917FD92F876D60CD8646DC /* FuzzerStressTests.swift in Sources */,
				D050028AE7CF7F83205D5C4E /* HardToFuzzFunctions.swift in Sources */,
			);
			runOnlyForDeploymentPostprocessing = 0;
		};
		CC17A3EC062E2949220C1C5D /* Sources */ = {
			isa = PBXSourcesBuildPhase;
			buildActionMask = 2147483647;
			files = (
				2E6CDCBF7B91A07E9402C82F /* ConcurrentFuzzLoadTest.swift in Sources */,
				808DEDCEF3F72F26E4C97724 /* CorpusTests.swift in Sources */,
				ADF49AE0B09D08080E515387 /* CoverageCountersTests.swift in Sources */,
				0AEA251D3FF9432F04D9FC04 /* CoverageGapDetectorTests.swift in Sources */,
				D304EFC84705417D212EA91D /* CoverageSignatureTests.swift in Sources */,
				154F79A2EEDDE650511A586D /* CustomFuzzableTests.swift in Sources */,
				4EB9436B27158A5C6839F9BA /* DWARFSymbolizerTests.swift in Sources */,
				CD4CF90D44574C94590CCE3F /* DeterministicTimingTests.swift in Sources */,
				3AE90F2D2F5E78080AAB081C /* FuzzAPITests.swift in Sources */,
				244F543DDFAA24140A76485F /* FuzzEngineTests.swift in Sources */,
				B589BFFA6C70C0D16C75E1AD /* FuzzableProtocolTests.swift in Sources */,
				19E5E7F83FA7FB0675B65818 /* MockDatabase.swift in Sources */,
				902AD170388F6A40C15ECCA5 /* MutatorTests.swift in Sources */,
				14CE5AF65788D0ED532C423D /* PropertyBasedSelfTests.swift in Sources */,
				B269AC60201884DB429C947C /* STADSPlateauDetectorTests.swift in Sources */,
				77318276C93EAB250B715AAD /* SaturationPlateauDetectorTests.swift in Sources */,
				FAE454D657D928B2962AB47B /* SeededRandomNumberGenerator.swift in Sources */,
				CF148FE630379ED6CAF42AA4 /* SimpleCoveragePlateauDetectorTests.swift in Sources */,
				9DADB5A1F40BF13558A2BD55 /* Synchronized.swift in Sources */,
				721B918F0C92F521E1CD4FC3 /* TestCaseShrinkerTests.swift in Sources */,
				F4E3D1DF382DCAC750307163 /* UserService.swift in Sources */,
			);
			runOnlyForDeploymentPostprocessing = 0;
		};
		F5BD5870F25D77A932609344 /* Sources */ = {
			isa = PBXSourcesBuildPhase;
			buildActionMask = 2147483647;
			files = (
				930A6CA4EA3850C7A8BF5EFF /* AnalysisPlugin.swift in Sources */,
				E6964DD309352DC4A763CFE1 /* AnyShrinkable.swift in Sources */,
				C9A465F613D3882BE73F401C /* Array+Fuzzable.swift in Sources */,
				7B7ADDE2BFF43D15DE86328A /* Array+Shrinkable.swift in Sources */,
				A971C2C46510D47C1A1C3FE0 /* Bool+Fuzzable.swift in Sources */,
				A37D8BF967DDC59F6674C589 /* CartesianProduct.swift in Sources */,
				E580739238EA1DCDBB49D4E5 /* Character+Fuzzable.swift in Sources */,
				F997A4DDB225D63D65B476AA /* Corpus.swift in Sources */,
				0469AB3AB668C05713B4CEEC /* CorpusClient.swift in Sources */,
				A8AB88E38D9F9BBE8CCCD77B /* CorpusCoder.swift in Sources */,
				60F4B0B951427866AB7380DC /* CorpusEntry.swift in Sources */,
				29AD704E75D749B097C95BAA /* CorpusEntryType.swift in Sources */,
				432A7C1997D44CD9561448F1 /* CorpusMode.swift in Sources */,
				F90AAA32E041831DC6EEF916 /* CorpusPersistenceClient.swift in Sources */,
				9411D6055035E20DD3490798 /* CorpusSchema.swift in Sources */,
				0A0B966D3B103DDD9ADC457C /* CoverageCountersClient.swift in Sources */,
				997046243B39595955A73A07 /* CoverageGap.swift in Sources */,
				C3CCD2C9B56E9E0FC0574642 /* CoverageGapDetector.swift in Sources */,
				8D27AFB1254FC22918527BA3 /* CoverageGapPlugin.swift in Sources */,
				01C409E9A774CE4770B6DC3B /* CoverageGapReport.swift in Sources */,
				52C260E19A743BA5BCADC703 /* CoverageSignature.swift in Sources */,
				E22FD5BA11720007BFEC6E1E /* DWARFSourceLocation.swift in Sources */,
				4B46C972C1518B04075D7EED /* DWARFSymbolizer.swift in Sources */,
				D0C65F0813EFB9C22E7A24EC /* DWARFSymbolizerError.swift in Sources */,
				6FC71167936E2046141EAA6B /* DWARFSymbolizerHelper.swift in Sources */,
				BE833829B0A29D2730C9A37C /* Data+Shrinkable.swift in Sources */,
				5118F45702A081DEB42B60AA /* DateClient.swift in Sources */,
				2791D860E1AFB4810E51C213 /* DefaultShrinkingPlugin.swift in Sources */,
				A36B305BD1D1ED9AD7FA7393 /* Double+Fuzzable.swift in Sources */,
				A11656F32C1DA89DAC5AE4B1 /* EnvironmentClient.swift in Sources */,
				1676A6251DF285939A232329 /* EventBasedCoverageGapPlugin.swift in Sources */,
				40BBDB105DB39C8B70D658CE /* EventBasedPlateauDetectorPlugin.swift in Sources */,
				995888DFC95845A88625B91A /* FailureInfo.swift in Sources */,
				D3BBDD6471BDB998F4979E48 /* FileManagerClient.swift in Sources */,
				AFDDC40C6C111A0C8359403D /* FunctionSizeLookup.swift in Sources */,
				413720205EA64C2558BD9F04 /* FuzzAPI.swift in Sources */,
				8B77076135753B47C626A029 /* FuzzEngine+Config.swift in Sources */,
				B0B276C037B14EAA3010672E /* FuzzEngine.swift in Sources */,
				FCEEBF191CE51978D06E85E9 /* FuzzObserverPlugin.swift in Sources */,
				A791F464FE3BDDB8A76320B5 /* FuzzPlugin.swift in Sources */,
				472EBAA0C21986A90E121C90 /* FuzzPluginManager.swift in Sources */,
				125D3FB66141B63E3542572E /* FuzzResult.swift in Sources */,
				6EA867F5B1FCB8DA1D789F91 /* Fuzzable.swift in Sources */,
				6B3E9990299CD5D8B12A316E /* Int+Fuzzable.swift in Sources */,
				DB71EBF35575DA1DEA31C0F0 /* Macros.swift in Sources */,
				1F8C42A1E118D08E319AF582 /* MultiComponentShrinker.swift in Sources */,
				9E681FD7857BB0E8B54236DD /* Mutator.swift in Sources */,
				233D62539D27A6EB4181220F /* Optional+Fuzzable.swift in Sources */,
				1426388F8F61D31CB0AC925C /* PlateauDetectorPlugin.swift in Sources */,
				F8CA279E1D5C86F49E55C093 /* RandomNumberGeneratorClient.swift in Sources */,
				5CE75ACE29DD3F8860FAA19D /* STADSPlateauDetector.swift in Sources */,
				F5E12565A5E3B3F657133645 /* STADSPlateauDetectorPlugin.swift in Sources */,
				BEBBA20C60FAF1E749C4427D /* SanCovCounters.swift in Sources */,
				9B7DC07539CBF59272EDCC37 /* SaturationPlateauDetector.swift in Sources */,
				FCC9ADA20072098BFAD48EBE /* SaturationPlateauDetectorPlugin.swift in Sources */,
				B658E17CCF942125EF08B2C9 /* ShrinkConfig.swift in Sources */,
				BD0CC959DAB2216FB5A5AE9E /* ShrinkResult.swift in Sources */,
				6632F732A4FAECE34A80F544 /* ShrinkStats.swift in Sources */,
				B12BA13984E49118CD620DA9 /* Shrinkable.swift in Sources */,
				E94E382B579A8EAEA05F2A12 /* ShrinkingPlugin.swift in Sources */,
				F854221602A30DC642BC0670 /* SimpleCoveragePlateauDetector.swift in Sources */,
				26A3CB5877617786D4DAC208 /* SparseCoverage.swift in Sources */,
				A03C312DFD232E75A523A81F /* StoppingConditionPlugin.swift in Sources */,
				C7EFC9C84CA6559C4F8B0443 /* String+Fuzzable.swift in Sources */,
				E05A1921A081B8C834B8A921 /* String+Shrinkable.swift in Sources */,
				194E2180758E8A2A82D69A19 /* SyncBox.swift in Sources */,
				6B81F710C9EAE2B9786DFD16 /* TaskResults.swift in Sources */,
				87CB37DFCDC351E3E53BE7F1 /* TestCaseShrinker.swift in Sources */,
				67B2DBE808E07482177746DF /* UInt+Fuzzable.swift in Sources */,
				E5CE85300E9595AE8CF1F398 /* UncoveredRegion.swift in Sources */,
			);
			runOnlyForDeploymentPostprocessing = 0;
		};
/* End PBXSourcesBuildPhase section */

/* Begin PBXTargetDependency section */
		262D309FD6AE92B2135A9D59 /* PBXTargetDependency */ = {
			isa = PBXTargetDependency;
			target = 3158F44FBF717D69B2A46E2E /* PropertyTestingKit */;
			targetProxy = 5526981A9F0018240DD7A826 /* PBXContainerItemProxy */;
		};
		2AC0ACFBCD7D232DEAF7CAA0 /* PBXTargetDependency */ = {
			isa = PBXTargetDependency;
			target = 5FED955AC4DD9D722F6367E3 /* SanCovHooks */;
			targetProxy = 3F57E0FFED1A0B481B11C0F4 /* PBXContainerItemProxy */;
		};
		2B83C13DC61A9375C34ADC41 /* PBXTargetDependency */ = {
			isa = PBXTargetDependency;
			target = 3158F44FBF717D69B2A46E2E /* PropertyTestingKit */;
			targetProxy = ADE0E251A6DE698B86B39489 /* PBXContainerItemProxy */;
		};
		34A00355ACD39D303CD5E945 /* PBXTargetDependency */ = {
			isa = PBXTargetDependency;
			target = 05E982383D21A29F788C71F5 /* CLLVMSymbolizer */;
			targetProxy = 41A9CC0D603AAC6E8703E054 /* PBXContainerItemProxy */;
		};
		37CC79096D3092425ABEFD35 /* PBXTargetDependency */ = {
			isa = PBXTargetDependency;
			target = 3158F44FBF717D69B2A46E2E /* PropertyTestingKit */;
			targetProxy = 681184979170B744BAAC0C3A /* PBXContainerItemProxy */;
		};
		8F8681EAB8DF7130542BBC28 /* PBXTargetDependency */ = {
			isa = PBXTargetDependency;
			target = 3158F44FBF717D69B2A46E2E /* PropertyTestingKit */;
			targetProxy = 3218720DD27BCF321104A88E /* PBXContainerItemProxy */;
		};
		D887263A2077C704DB84CDF4 /* PBXTargetDependency */ = {
			isa = PBXTargetDependency;
			target = 3158F44FBF717D69B2A46E2E /* PropertyTestingKit */;
			targetProxy = 67AF272922F6EC84F10C5334 /* PBXContainerItemProxy */;
		};
/* End PBXTargetDependency section */

/* Begin XCBuildConfiguration section */
		15AB768F7A96BF87B397813C /* Debug */ = {
			isa = XCBuildConfiguration;
			buildSettings = {
				BUNDLE_LOADER = "$(TEST_HOST)";
				COMBINE_HIDPI_IMAGES = YES;
				GENERATE_INFOPLIST_FILE = YES;
				LD_RUNPATH_SEARCH_PATHS = "$(inherited) $(TOOLCHAIN_DIR)/usr/lib/clang/21/lib/darwin";
				OTHER_LDFLAGS = "$(inherited) -L$(TOOLCHAIN_DIR)/usr/lib/clang/21/lib/darwin -lclang_rt.ubsan_osx_dynamic";
				OTHER_SWIFT_FLAGS = "$(inherited) -g -sanitize=undefined -sanitize-coverage=edge,pc-table";
				PRODUCT_BUNDLE_IDENTIFIER = com.propertytestingkit.stresstests;
				PRODUCT_NAME = StressTests;
				SDKROOT = macosx;
				SWIFT_INCLUDE_PATHS = (
					"$(SRCROOT)/Sources/CLLVMSymbolizer/include",
					"$(SRCROOT)/Sources/SanCovHooks/include",
				);
			};
			name = Debug;
		};
		1631B0C9FAEE3A3AA2EF9880 /* Release */ = {
			isa = XCBuildConfiguration;
			buildSettings = {
				CLANG_CXX_LANGUAGE_STANDARD = "c++17";
				COMBINE_HIDPI_IMAGES = YES;
				GCC_ENABLE_CPP_EXCEPTIONS = NO;
				GCC_ENABLE_CPP_RTTI = NO;
				HEADER_SEARCH_PATHS = (
					"$(SRCROOT)/Sources/CLLVMSymbolizer/include",
					/opt/homebrew/opt/llvm/include,
				);
				LD_RUNPATH_SEARCH_PATHS = (
					"$(inherited)",
					"@executable_path/../Frameworks",
				);
				LIBRARY_SEARCH_PATHS = (
					/opt/homebrew/opt/llvm/lib,
				);
				MODULEMAP_FILE = "$(SRCROOT)/Sources/CLLVMSymbolizer/include/module.modulemap";
				PRODUCT_BUNDLE_IDENTIFIER = com.propertytestingkit.CLLVMSymbolizer;
				PRODUCT_NAME = CLLVMSymbolizer;
				PUBLIC_HEADERS_FOLDER_PATH = "$(CONTENTS_FOLDER_PATH)/Headers";
				SDKROOT = macosx;
				SKIP_INSTALL = YES;
			};
			name = Release;
		};
		1BC63E14D3793773EE9CDDE4 /* Release */ = {
			isa = XCBuildConfiguration;
			buildSettings = {
				BUNDLE_LOADER = "$(TEST_HOST)";
				COMBINE_HIDPI_IMAGES = YES;
				GENERATE_INFOPLIST_FILE = YES;
				LD_RUNPATH_SEARCH_PATHS = "$(inherited) $(TOOLCHAIN_DIR)/usr/lib/clang/21/lib/darwin";
				OTHER_LDFLAGS = "$(inherited) -L$(TOOLCHAIN_DIR)/usr/lib/clang/21/lib/darwin -lclang_rt.ubsan_osx_dynamic";
				OTHER_SWIFT_FLAGS = "$(inherited) -g -sanitize=undefined -sanitize-coverage=edge,pc-table";
				PRODUCT_BUNDLE_IDENTIFIER = com.propertytestingkit.sancovtests;
				PRODUCT_NAME = SanCovTests;
				SDKROOT = macosx;
				SWIFT_INCLUDE_PATHS = (
					"$(SRCROOT)/Sources/CLLVMSymbolizer/include",
					"$(SRCROOT)/Sources/SanCovHooks/include",
				);
			};
			name = Release;
		};
		2C9ED3C1CBEF5FA91C9380DA /* Debug */ = {
			isa = XCBuildConfiguration;
			buildSettings = {
				BUNDLE_LOADER = "$(TEST_HOST)";
				COMBINE_HIDPI_IMAGES = YES;
				GENERATE_INFOPLIST_FILE = YES;
				LD_RUNPATH_SEARCH_PATHS = "$(inherited) $(TOOLCHAIN_DIR)/usr/lib/clang/21/lib/darwin";
				OTHER_LDFLAGS = "$(inherited) -L$(TOOLCHAIN_DIR)/usr/lib/clang/21/lib/darwin -lclang_rt.ubsan_osx_dynamic";
				OTHER_SWIFT_FLAGS = "$(inherited) -g -sanitize=undefined -sanitize-coverage=edge,pc-table";
				PRODUCT_BUNDLE_IDENTIFIER = com.propertytestingkit.tests;
				PRODUCT_NAME = PropertyTestingKitTests;
				SDKROOT = macosx;
				SWIFT_INCLUDE_PATHS = (
					"$(SRCROOT)/Sources/CLLVMSymbolizer/include",
					"$(SRCROOT)/Sources/SanCovHooks/include",
				);
			};
			name = Debug;
		};
		4A4452E702BAC54F34227D7D /* Debug */ = {
			isa = XCBuildConfiguration;
			buildSettings = {
				COMBINE_HIDPI_IMAGES = YES;
				HEADER_SEARCH_PATHS = (
					"$(SRCROOT)/Sources/SanCovHooks/include",
				);
				LD_RUNPATH_SEARCH_PATHS = (
					"$(inherited)",
					"@executable_path/../Frameworks",
				);
				MODULEMAP_FILE = "$(SRCROOT)/Sources/SanCovHooks/include/module.modulemap";
				PRODUCT_BUNDLE_IDENTIFIER = com.propertytestingkit.SanCovHooks;
				PRODUCT_NAME = SanCovHooks;
				PUBLIC_HEADERS_FOLDER_PATH = "$(CONTENTS_FOLDER_PATH)/Headers";
				SDKROOT = macosx;
				SKIP_INSTALL = YES;
			};
			name = Debug;
		};
		544CCE16B16299CAB067F4D7 /* Debug */ = {
			isa = XCBuildConfiguration;
			buildSettings = {
				CLANG_CXX_LANGUAGE_STANDARD = "c++17";
				CODE_SIGN_IDENTITY = "";
				COMBINE_HIDPI_IMAGES = YES;
				CURRENT_PROJECT_VERSION = 1;
				DEFINES_MODULE = YES;
				DYLIB_COMPATIBILITY_VERSION = 1;
				DYLIB_CURRENT_VERSION = 1;
				DYLIB_INSTALL_NAME_BASE = "@rpath";
				FRAMEWORK_SEARCH_PATHS = (
					"$(inherited) $(DEVELOPER_FRAMEWORKS_DIR) $(PLATFORM_DIR)/Developer/Library/Frameworks",
					"\".\"",
				);
				GCC_ENABLE_CPP_EXCEPTIONS = NO;
				GCC_ENABLE_CPP_RTTI = NO;
				GENERATE_INFOPLIST_FILE = YES;
				HEADER_SEARCH_PATHS = (
					"$(SRCROOT)/Sources/CLLVMSymbolizer/include",
					"$(SRCROOT)/Sources/SanCovHooks/include",
				);
				INSTALL_PATH = "$(LOCAL_LIBRARY_DIR)/Frameworks";
				LD_RUNPATH_SEARCH_PATHS = "$(inherited) /opt/homebrew/opt/llvm/lib";
				LIBRARY_SEARCH_PATHS = (
					/opt/homebrew/opt/llvm/lib,
				);
				OTHER_LDFLAGS = (
					"$(inherited) -lLLVM",
					"-ObjC",
				);
				PRODUCT_BUNDLE_IDENTIFIER = com.propertytestingkit.framework;
				PRODUCT_NAME = PropertyTestingKit;
				SDKROOT = macosx;
				SKIP_INSTALL = YES;
				SWIFT_INCLUDE_PATHS = (
					"$(SRCROOT)/Sources/CLLVMSymbolizer/include",
					"$(SRCROOT)/Sources/SanCovHooks/include",
				);
				SWIFT_TESTING_ENABLED = YES;
				VERSIONING_SYSTEM = "apple-generic";
			};
			name = Debug;
		};
		5998D5DA0CB70EDF11AE4864 /* Release */ = {
			isa = XCBuildConfiguration;
			buildSettings = {
				CLANG_CXX_LANGUAGE_STANDARD = "c++17";
				CODE_SIGN_IDENTITY = "";
				COMBINE_HIDPI_IMAGES = YES;
				CURRENT_PROJECT_VERSION = 1;
				DEFINES_MODULE = YES;
				DYLIB_COMPATIBILITY_VERSION = 1;
				DYLIB_CURRENT_VERSION = 1;
				DYLIB_INSTALL_NAME_BASE = "@rpath";
				FRAMEWORK_SEARCH_PATHS = (
					"$(inherited) $(DEVELOPER_FRAMEWORKS_DIR) $(PLATFORM_DIR)/Developer/Library/Frameworks",
					"\".\"",
				);
				GCC_ENABLE_CPP_EXCEPTIONS = NO;
				GCC_ENABLE_CPP_RTTI = NO;
				GENERATE_INFOPLIST_FILE = YES;
				HEADER_SEARCH_PATHS = (
					"$(SRCROOT)/Sources/CLLVMSymbolizer/include",
					"$(SRCROOT)/Sources/SanCovHooks/include",
				);
				INSTALL_PATH = "$(LOCAL_LIBRARY_DIR)/Frameworks";
				LD_RUNPATH_SEARCH_PATHS = "$(inherited) /opt/homebrew/opt/llvm/lib";
				LIBRARY_SEARCH_PATHS = (
					/opt/homebrew/opt/llvm/lib,
				);
				OTHER_LDFLAGS = (
					"$(inherited) -lLLVM",
					"-ObjC",
				);
				PRODUCT_BUNDLE_IDENTIFIER = com.propertytestingkit.framework;
				PRODUCT_NAME = PropertyTestingKit;
				SDKROOT = macosx;
				SKIP_INSTALL = YES;
				SWIFT_INCLUDE_PATHS = (
					"$(SRCROOT)/Sources/CLLVMSymbolizer/include",
					"$(SRCROOT)/Sources/SanCovHooks/include",
				);
				SWIFT_TESTING_ENABLED = YES;
				VERSIONING_SYSTEM = "apple-generic";
			};
			name = Release;
		};
		685DF0E044D52CFD2386D3B9 /* Debug */ = {
			isa = XCBuildConfiguration;
			buildSettings = {
				CLANG_CXX_LANGUAGE_STANDARD = "c++17";
				COMBINE_HIDPI_IMAGES = YES;
				GCC_ENABLE_CPP_EXCEPTIONS = NO;
				GCC_ENABLE_CPP_RTTI = NO;
				HEADER_SEARCH_PATHS = (
					"$(SRCROOT)/Sources/CLLVMSymbolizer/include",
					/opt/homebrew/opt/llvm/include,
				);
				LD_RUNPATH_SEARCH_PATHS = (
					"$(inherited)",
					"@executable_path/../Frameworks",
				);
				LIBRARY_SEARCH_PATHS = (
					/opt/homebrew/opt/llvm/lib,
				);
				MODULEMAP_FILE = "$(SRCROOT)/Sources/CLLVMSymbolizer/include/module.modulemap";
				PRODUCT_BUNDLE_IDENTIFIER = com.propertytestingkit.CLLVMSymbolizer;
				PRODUCT_NAME = CLLVMSymbolizer;
				PUBLIC_HEADERS_FOLDER_PATH = "$(CONTENTS_FOLDER_PATH)/Headers";
				SDKROOT = macosx;
				SKIP_INSTALL = YES;
			};
			name = Debug;
		};
		7EB552DF9CA6F9EB6FFB31FE /* Release */ = {
			isa = XCBuildConfiguration;
			buildSettings = {
				BUNDLE_LOADER = "$(TEST_HOST)";
				COMBINE_HIDPI_IMAGES = YES;
				GENERATE_INFOPLIST_FILE = YES;
				LD_RUNPATH_SEARCH_PATHS = "$(inherited) $(TOOLCHAIN_DIR)/usr/lib/clang/21/lib/darwin";
				OTHER_LDFLAGS = "$(inherited) -L$(TOOLCHAIN_DIR)/usr/lib/clang/21/lib/darwin -lclang_rt.ubsan_osx_dynamic";
				OTHER_SWIFT_FLAGS = "$(inherited) -g -sanitize=undefined -sanitize-coverage=edge,pc-table";
				PRODUCT_BUNDLE_IDENTIFIER = com.propertytestingkit.stresstests;
				PRODUCT_NAME = StressTests;
				SDKROOT = macosx;
				SWIFT_INCLUDE_PATHS = (
					"$(SRCROOT)/Sources/CLLVMSymbolizer/include",
					"$(SRCROOT)/Sources/SanCovHooks/include",
				);
			};
			name = Release;
		};
		8332C4FA10B751A8AD2AB47B /* Release */ = {
			isa = XCBuildConfiguration;
			buildSettings = {
				COMBINE_HIDPI_IMAGES = YES;
				HEADER_SEARCH_PATHS = (
					"$(SRCROOT)/Sources/SanCovHooks/include",
				);
				LD_RUNPATH_SEARCH_PATHS = (
					"$(inherited)",
					"@executable_path/../Frameworks",
				);
				MODULEMAP_FILE = "$(SRCROOT)/Sources/SanCovHooks/include/module.modulemap";
				PRODUCT_BUNDLE_IDENTIFIER = com.propertytestingkit.SanCovHooks;
				PRODUCT_NAME = SanCovHooks;
				PUBLIC_HEADERS_FOLDER_PATH = "$(CONTENTS_FOLDER_PATH)/Headers";
				SDKROOT = macosx;
				SKIP_INSTALL = YES;
			};
			name = Release;
		};
		8336C3397E17B560373FC8BE /* Debug */ = {
			isa = XCBuildConfiguration;
			buildSettings = {
				BUNDLE_LOADER = "$(TEST_HOST)";
				COMBINE_HIDPI_IMAGES = YES;
				GENERATE_INFOPLIST_FILE = YES;
				LD_RUNPATH_SEARCH_PATHS = "$(inherited) $(TOOLCHAIN_DIR)/usr/lib/clang/21/lib/darwin";
				OTHER_LDFLAGS = "$(inherited) -L$(TOOLCHAIN_DIR)/usr/lib/clang/21/lib/darwin -lclang_rt.tsan_osx_dynamic";
				OTHER_SWIFT_FLAGS = "$(inherited) -g -sanitize=thread -sanitize-coverage=edge,pc-table";
				PRODUCT_BUNDLE_IDENTIFIER = com.propertytestingkit.tsantests;
				PRODUCT_NAME = TSanTests;
				SDKROOT = macosx;
				SWIFT_INCLUDE_PATHS = (
					"$(SRCROOT)/Sources/CLLVMSymbolizer/include",
					"$(SRCROOT)/Sources/SanCovHooks/include",
				);
			};
			name = Debug;
		};
		9C8C5456850417D79B759797 /* Debug */ = {
			isa = XCBuildConfiguration;
			buildSettings = {
				BUNDLE_LOADER = "$(TEST_HOST)";
				COMBINE_HIDPI_IMAGES = YES;
				GENERATE_INFOPLIST_FILE = YES;
				LD_RUNPATH_SEARCH_PATHS = "$(inherited) $(TOOLCHAIN_DIR)/usr/lib/clang/21/lib/darwin";
				OTHER_LDFLAGS = "$(inherited) -L$(TOOLCHAIN_DIR)/usr/lib/clang/21/lib/darwin -lclang_rt.ubsan_osx_dynamic";
				OTHER_SWIFT_FLAGS = "$(inherited) -g -sanitize=undefined -sanitize-coverage=edge,pc-table";
				PRODUCT_BUNDLE_IDENTIFIER = com.propertytestingkit.sancovtests;
				PRODUCT_NAME = SanCovTests;
				SDKROOT = macosx;
				SWIFT_INCLUDE_PATHS = (
					"$(SRCROOT)/Sources/CLLVMSymbolizer/include",
					"$(SRCROOT)/Sources/SanCovHooks/include",
				);
			};
			name = Debug;
		};
		B147423A294AC4D462AB9F47 /* Release */ = {
			isa = XCBuildConfiguration;
			buildSettings = {
				COMBINE_HIDPI_IMAGES = YES;
				LD_RUNPATH_SEARCH_PATHS = "$(inherited) $(TOOLCHAIN_DIR)/usr/lib/clang/21/lib/darwin";
				OTHER_LDFLAGS = "$(inherited) -L$(TOOLCHAIN_DIR)/usr/lib/clang/21/lib/darwin -lclang_rt.ubsan_osx_dynamic";
				OTHER_SWIFT_FLAGS = "$(inherited) -g -sanitize=undefined -sanitize-coverage=edge,pc-table";
				PRODUCT_BUNDLE_IDENTIFIER = com.propertytestingkit.CoverageBenchmarks;
				PRODUCT_NAME = CoverageBenchmarks;
				SDKROOT = macosx;
				SWIFT_INCLUDE_PATHS = (
					"$(SRCROOT)/Sources/CLLVMSymbolizer/include",
					"$(SRCROOT)/Sources/SanCovHooks/include",
				);
			};
			name = Release;
		};
		B729C25E47F705C7B4B4890B /* Release */ = {
			isa = XCBuildConfiguration;
			buildSettings = {
				BUNDLE_LOADER = "$(TEST_HOST)";
				COMBINE_HIDPI_IMAGES = YES;
				GENERATE_INFOPLIST_FILE = YES;
				LD_RUNPATH_SEARCH_PATHS = "$(inherited) $(TOOLCHAIN_DIR)/usr/lib/clang/21/lib/darwin";
				OTHER_LDFLAGS = "$(inherited) -L$(TOOLCHAIN_DIR)/usr/lib/clang/21/lib/darwin -lclang_rt.tsan_osx_dynamic";
				OTHER_SWIFT_FLAGS = "$(inherited) -g -sanitize=thread -sanitize-coverage=edge,pc-table";
				PRODUCT_BUNDLE_IDENTIFIER = com.propertytestingkit.tsantests;
				PRODUCT_NAME = TSanTests;
				SDKROOT = macosx;
				SWIFT_INCLUDE_PATHS = (
					"$(SRCROOT)/Sources/CLLVMSymbolizer/include",
					"$(SRCROOT)/Sources/SanCovHooks/include",
				);
			};
			name = Release;
		};
		BA07BB2B6178D08810B34BD4 /* Debug */ = {
			isa = XCBuildConfiguration;
			buildSettings = {
				COMBINE_HIDPI_IMAGES = YES;
				LD_RUNPATH_SEARCH_PATHS = "$(inherited) $(TOOLCHAIN_DIR)/usr/lib/clang/21/lib/darwin";
				OTHER_LDFLAGS = "$(inherited) -L$(TOOLCHAIN_DIR)/usr/lib/clang/21/lib/darwin -lclang_rt.ubsan_osx_dynamic";
				OTHER_SWIFT_FLAGS = "$(inherited) -g -sanitize=undefined -sanitize-coverage=edge,pc-table";
				PRODUCT_BUNDLE_IDENTIFIER = com.propertytestingkit.CoverageBenchmarks;
				PRODUCT_NAME = CoverageBenchmarks;
				SDKROOT = macosx;
				SWIFT_INCLUDE_PATHS = (
					"$(SRCROOT)/Sources/CLLVMSymbolizer/include",
					"$(SRCROOT)/Sources/SanCovHooks/include",
				);
			};
			name = Debug;
		};
		C71C85059BAC51C01EAD227E /* Release */ = {
			isa = XCBuildConfiguration;
			buildSettings = {
				ALWAYS_SEARCH_USER_PATHS = NO;
				CLANG_ANALYZER_NONNULL = YES;
				CLANG_ANALYZER_NUMBER_OBJECT_CONVERSION = YES_AGGRESSIVE;
				CLANG_CXX_LANGUAGE_STANDARD = "gnu++14";
				CLANG_CXX_LIBRARY = "libc++";
				CLANG_ENABLE_MODULES = YES;
				CLANG_ENABLE_OBJC_ARC = YES;
				CLANG_ENABLE_OBJC_WEAK = YES;
				CLANG_WARN_BLOCK_CAPTURE_AUTORELEASING = YES;
				CLANG_WARN_BOOL_CONVERSION = YES;
				CLANG_WARN_COMMA = YES;
				CLANG_WARN_CONSTANT_CONVERSION = YES;
				CLANG_WARN_DEPRECATED_OBJC_IMPLEMENTATIONS = YES;
				CLANG_WARN_DIRECT_OBJC_ISA_USAGE = YES_ERROR;
				CLANG_WARN_DOCUMENTATION_COMMENTS = YES;
				CLANG_WARN_EMPTY_BODY = YES;
				CLANG_WARN_ENUM_CONVERSION = YES;
				CLANG_WARN_INFINITE_RECURSION = YES;
				CLANG_WARN_INT_CONVERSION = YES;
				CLANG_WARN_NON_LITERAL_NULL_CONVERSION = YES;
				CLANG_WARN_OBJC_IMPLICIT_RETAIN_SELF = YES;
				CLANG_WARN_OBJC_LITERAL_CONVERSION = YES;
				CLANG_WARN_OBJC_ROOT_CLASS = YES_ERROR;
				CLANG_WARN_QUOTED_INCLUDE_IN_FRAMEWORK_HEADER = YES;
				CLANG_WARN_RANGE_LOOP_ANALYSIS = YES;
				CLANG_WARN_STRICT_PROTOTYPES = YES;
				CLANG_WARN_SUSPICIOUS_MOVE = YES;
				CLANG_WARN_UNGUARDED_AVAILABILITY = YES_AGGRESSIVE;
				CLANG_WARN_UNREACHABLE_CODE = YES;
				CLANG_WARN__DUPLICATE_METHOD_MATCH = YES;
				COPY_PHASE_STRIP = NO;
				DEBUG_INFORMATION_FORMAT = dwarf;
				DEPLOYMENT_POSTPROCESSING = NO;
				ENABLE_NS_ASSERTIONS = NO;
				ENABLE_STRICT_OBJC_MSGSEND = YES;
				GCC_C_LANGUAGE_STANDARD = gnu11;
				GCC_GENERATE_DEBUGGING_SYMBOLS = YES;
				GCC_NO_COMMON_BLOCKS = YES;
				GCC_WARN_64_TO_32_BIT_CONVERSION = YES;
				GCC_WARN_ABOUT_RETURN_TYPE = YES_ERROR;
				GCC_WARN_UNDECLARED_SELECTOR = YES;
				GCC_WARN_UNINITIALIZED_AUTOS = YES_AGGRESSIVE;
				GCC_WARN_UNUSED_FUNCTION = YES;
				GCC_WARN_UNUSED_VARIABLE = YES;
				MACOSX_DEPLOYMENT_TARGET = 26.0;
				MTL_ENABLE_DEBUG_INFO = NO;
				MTL_FAST_MATH = YES;
				PRODUCT_NAME = "$(TARGET_NAME)";
				SDKROOT = macosx;
				STRIP_INSTALLED_PRODUCT = NO;
				STRIP_SWIFT_SYMBOLS = NO;
				SWIFT_COMPILATION_MODE = wholemodule;
				SWIFT_OPTIMIZATION_LEVEL = "-Onone";
				SWIFT_VERSION = 6.0;
			};
			name = Release;
		};
		EF96B1CE98C2588E95DB1E76 /* Debug */ = {
			isa = XCBuildConfiguration;
			buildSettings = {
				ALWAYS_SEARCH_USER_PATHS = NO;
				CLANG_ANALYZER_NONNULL = YES;
				CLANG_ANALYZER_NUMBER_OBJECT_CONVERSION = YES_AGGRESSIVE;
				CLANG_CXX_LANGUAGE_STANDARD = "gnu++14";
				CLANG_CXX_LIBRARY = "libc++";
				CLANG_ENABLE_MODULES = YES;
				CLANG_ENABLE_OBJC_ARC = YES;
				CLANG_ENABLE_OBJC_WEAK = YES;
				CLANG_WARN_BLOCK_CAPTURE_AUTORELEASING = YES;
				CLANG_WARN_BOOL_CONVERSION = YES;
				CLANG_WARN_COMMA = YES;
				CLANG_WARN_CONSTANT_CONVERSION = YES;
				CLANG_WARN_DEPRECATED_OBJC_IMPLEMENTATIONS = YES;
				CLANG_WARN_DIRECT_OBJC_ISA_USAGE = YES_ERROR;
				CLANG_WARN_DOCUMENTATION_COMMENTS = YES;
				CLANG_WARN_EMPTY_BODY = YES;
				CLANG_WARN_ENUM_CONVERSION = YES;
				CLANG_WARN_INFINITE_RECURSION = YES;
				CLANG_WARN_INT_CONVERSION = YES;
				CLANG_WARN_NON_LITERAL_NULL_CONVERSION = YES;
				CLANG_WARN_OBJC_IMPLICIT_RETAIN_SELF = YES;
				CLANG_WARN_OBJC_LITERAL_CONVERSION = YES;
				CLANG_WARN_OBJC_ROOT_CLASS = YES_ERROR;
				CLANG_WARN_QUOTED_INCLUDE_IN_FRAMEWORK_HEADER = YES;
				CLANG_WARN_RANGE_LOOP_ANALYSIS = YES;
				CLANG_WARN_STRICT_PROTOTYPES = YES;
				CLANG_WARN_SUSPICIOUS_MOVE = YES;
				CLANG_WARN_UNGUARDED_AVAILABILITY = YES_AGGRESSIVE;
				CLANG_WARN_UNREACHABLE_CODE = YES;
				CLANG_WARN__DUPLICATE_METHOD_MATCH = YES;
				COPY_PHASE_STRIP = NO;
				DEBUG_INFORMATION_FORMAT = dwarf;
				DEPLOYMENT_POSTPROCESSING = NO;
				ENABLE_STRICT_OBJC_MSGSEND = YES;
				ENABLE_TESTABILITY = YES;
				GCC_C_LANGUAGE_STANDARD = gnu11;
				GCC_DYNAMIC_NO_PIC = NO;
				GCC_GENERATE_DEBUGGING_SYMBOLS = YES;
				GCC_NO_COMMON_BLOCKS = YES;
				GCC_OPTIMIZATION_LEVEL = 0;
				GCC_PREPROCESSOR_DEFINITIONS = (
					"$(inherited)",
					"DEBUG=1",
				);
				GCC_WARN_64_TO_32_BIT_CONVERSION = YES;
				GCC_WARN_ABOUT_RETURN_TYPE = YES_ERROR;
				GCC_WARN_UNDECLARED_SELECTOR = YES;
				GCC_WARN_UNINITIALIZED_AUTOS = YES_AGGRESSIVE;
				GCC_WARN_UNUSED_FUNCTION = YES;
				GCC_WARN_UNUSED_VARIABLE = YES;
				MACOSX_DEPLOYMENT_TARGET = 26.0;
				MTL_ENABLE_DEBUG_INFO = INCLUDE_SOURCE;
				MTL_FAST_MATH = YES;
				ONLY_ACTIVE_ARCH = YES;
				PRODUCT_NAME = "$(TARGET_NAME)";
				SDKROOT = macosx;
				STRIP_INSTALLED_PRODUCT = NO;
				STRIP_SWIFT_SYMBOLS = NO;
				SWIFT_ACTIVE_COMPILATION_CONDITIONS = DEBUG;
				SWIFT_OPTIMIZATION_LEVEL = "-Onone";
				SWIFT_VERSION = 6.0;
			};
			name = Debug;
		};
		F1A77C24AF4E89EF8AA6F4A8 /* Release */ = {
			isa = XCBuildConfiguration;
			buildSettings = {
				BUNDLE_LOADER = "$(TEST_HOST)";
				COMBINE_HIDPI_IMAGES = YES;
				GENERATE_INFOPLIST_FILE = YES;
				LD_RUNPATH_SEARCH_PATHS = "$(inherited) $(TOOLCHAIN_DIR)/usr/lib/clang/21/lib/darwin";
				OTHER_LDFLAGS = "$(inherited) -L$(TOOLCHAIN_DIR)/usr/lib/clang/21/lib/darwin -lclang_rt.ubsan_osx_dynamic";
				OTHER_SWIFT_FLAGS = "$(inherited) -g -sanitize=undefined -sanitize-coverage=edge,pc-table";
				PRODUCT_BUNDLE_IDENTIFIER = com.propertytestingkit.tests;
				PRODUCT_NAME = PropertyTestingKitTests;
				SDKROOT = macosx;
				SWIFT_INCLUDE_PATHS = (
					"$(SRCROOT)/Sources/CLLVMSymbolizer/include",
					"$(SRCROOT)/Sources/SanCovHooks/include",
				);
			};
			name = Release;
		};
/* End XCBuildConfiguration section */

/* Begin XCConfigurationList section */
		0863CD5D29BBB451F508D5A0 /* Build configuration list for PBXNativeTarget "PropertyTestingKit" */ = {
			isa = XCConfigurationList;
			buildConfigurations = (
				544CCE16B16299CAB067F4D7 /* Debug */,
				5998D5DA0CB70EDF11AE4864 /* Release */,
			);
			defaultConfigurationIsVisible = 0;
			defaultConfigurationName = Debug;
		};
		2458F41F66F6D33EEAD3E048 /* Build configuration list for PBXNativeTarget "SanCovHooks" */ = {
			isa = XCConfigurationList;
			buildConfigurations = (
				4A4452E702BAC54F34227D7D /* Debug */,
				8332C4FA10B751A8AD2AB47B /* Release */,
			);
			defaultConfigurationIsVisible = 0;
			defaultConfigurationName = Debug;
		};
		59A014D6C41911BAD1950B08 /* Build configuration list for PBXNativeTarget "CLLVMSymbolizer" */ = {
			isa = XCConfigurationList;
			buildConfigurations = (
				685DF0E044D52CFD2386D3B9 /* Debug */,
				1631B0C9FAEE3A3AA2EF9880 /* Release */,
			);
			defaultConfigurationIsVisible = 0;
			defaultConfigurationName = Debug;
		};
		8083F2345F7DC62495A61A4D /* Build configuration list for PBXNativeTarget "StressTests" */ = {
			isa = XCConfigurationList;
			buildConfigurations = (
				15AB768F7A96BF87B397813C /* Debug */,
				7EB552DF9CA6F9EB6FFB31FE /* Release */,
			);
			defaultConfigurationIsVisible = 0;
			defaultConfigurationName = Debug;
		};
		8877E32B52451DB13A83D579 /* Build configuration list for PBXNativeTarget "SanCovTests" */ = {
			isa = XCConfigurationList;
			buildConfigurations = (
				9C8C5456850417D79B759797 /* Debug */,
				1BC63E14D3793773EE9CDDE4 /* Release */,
			);
			defaultConfigurationIsVisible = 0;
			defaultConfigurationName = Debug;
		};
		94E3D3F6BDDA12969B705528 /* Build configuration list for PBXProject "PropertyTestingKit" */ = {
			isa = XCConfigurationList;
			buildConfigurations = (
				EF96B1CE98C2588E95DB1E76 /* Debug */,
				C71C85059BAC51C01EAD227E /* Release */,
			);
			defaultConfigurationIsVisible = 0;
			defaultConfigurationName = Debug;
		};
		B7CA9713E7D8C787A61941AE /* Build configuration list for PBXNativeTarget "CoverageBenchmarks" */ = {
			isa = XCConfigurationList;
			buildConfigurations = (
				BA07BB2B6178D08810B34BD4 /* Debug */,
				B147423A294AC4D462AB9F47 /* Release */,
			);
			defaultConfigurationIsVisible = 0;
			defaultConfigurationName = Debug;
		};
		DA62F1D8A65E7BD1CCEAC4B9 /* Build configuration list for PBXNativeTarget "PropertyTestingKitTests" */ = {
			isa = XCConfigurationList;
			buildConfigurations = (
				2C9ED3C1CBEF5FA91C9380DA /* Debug */,
				F1A77C24AF4E89EF8AA6F4A8 /* Release */,
			);
			defaultConfigurationIsVisible = 0;
			defaultConfigurationName = Debug;
		};
		F69A8FB46A72F5538B4C3216 /* Build configuration list for PBXNativeTarget "TSanTests" */ = {
			isa = XCConfigurationList;
			buildConfigurations = (
				8336C3397E17B560373FC8BE /* Debug */,
				B729C25E47F705C7B4B4890B /* Release */,
			);
			defaultConfigurationIsVisible = 0;
			defaultConfigurationName = Debug;
		};
/* End XCConfigurationList section */

/* Begin XCRemoteSwiftPackageReference section */
		1210619D1E73774D621E2E7E /* XCRemoteSwiftPackageReference "FunctionSpy" */ = {
			isa = XCRemoteSwiftPackageReference;
			repositoryURL = "https://github.com/twof/FunctionSpy.git";
			requirement = {
				kind = exactVersion;
				version = 1.2.0;
			};
		};
		E3D499669E4759325EF6414E /* XCRemoteSwiftPackageReference "package-benchmark" */ = {
			isa = XCRemoteSwiftPackageReference;
			repositoryURL = "https://github.com/ordo-one/package-benchmark.git";
			requirement = {
				kind = exactVersion;
				version = 1.27.3;
			};
		};
		FE7753DCDC2B738759F3B507 /* XCRemoteSwiftPackageReference "swift-dependencies" */ = {
			isa = XCRemoteSwiftPackageReference;
			repositoryURL = "https://github.com/pointfreeco/swift-dependencies.git";
			requirement = {
				kind = exactVersion;
				version = 1.10.0;
			};
		};
/* End XCRemoteSwiftPackageReference section */

/* Begin XCSwiftPackageProductDependency section */
		A493D2B71CD03B3B9D34DA14 /* Dependencies */ = {
			isa = XCSwiftPackageProductDependency;
			package = FE7753DCDC2B738759F3B507 /* XCRemoteSwiftPackageReference "swift-dependencies" */;
			productName = Dependencies;
		};
		E6A87E5EFC33D405ECEDD0E1 /* Benchmark */ = {
			isa = XCSwiftPackageProductDependency;
			package = E3D499669E4759325EF6414E /* XCRemoteSwiftPackageReference "package-benchmark" */;
			productName = Benchmark;
		};
		F0BEB91D5B04B84629BA665A /* FunctionSpy */ = {
			isa = XCSwiftPackageProductDependency;
			package = 1210619D1E73774D621E2E7E /* XCRemoteSwiftPackageReference "FunctionSpy" */;
			productName = FunctionSpy;
		};
/* End XCSwiftPackageProductDependency section */
	};
	rootObject = 93269515397F3B540BE8A95E /* Project object */;
}
