<?xml version="1.0" encoding="UTF-8"?>
<Scheme
   LastUpgradeVersion = "1600"
   version = "1.3">
   <BuildAction
      parallelizeBuildables = "YES"
      buildImplicitDependencies = "YES">
      <BuildActionEntries>
         <BuildActionEntry
            buildForTesting = "YES"
            buildForRunning = "NO"
            buildForProfiling = "NO"
            buildForArchiving = "NO"
            buildForAnalyzing = "NO">
            <BuildableReference
               BuildableIdentifier = "primary"
               BlueprintIdentifier = "0D92E8ED3377557F25BE96C0"
               BuildableName = "GenericTimerPollerTests.xctest"
               BlueprintName = "GenericTimerPollerTests"
               ReferencedContainer = "container:PropertyTestingKit.xcodeproj">
            </BuildableReference>
         </BuildActionEntry>
         <BuildActionEntry
            buildForTesting = "YES"
            buildForRunning = "YES"
            buildForProfiling = "YES"
            buildForArchiving = "YES"
            buildForAnalyzing = "YES">
            <BuildableReference
               BuildableIdentifier = "primary"
               BlueprintIdentifier = "3158F44FBF717D69B2A46E2E"
               BuildableName = "PropertyTestingKit.framework"
               BlueprintName = "PropertyTestingKit"
               ReferencedContainer = "container:PropertyTestingKit.xcodeproj">
            </BuildableReference>
         </BuildActionEntry>
         <BuildActionEntry
            buildForTesting = "YES"
            buildForRunning = "NO"
            buildForProfiling = "NO"
            buildForArchiving = "NO"
            buildForAnalyzing = "NO">
            <BuildableReference
               BuildableIdentifier = "primary"
               BlueprintIdentifier = "E50766C553D412A57A53F038"
               BuildableName = "PropertyTestingKitTests.xctest"
               BlueprintName = "PropertyTestingKitTests"
               ReferencedContainer = "container:PropertyTestingKit.xcodeproj">
            </BuildableReference>
         </BuildActionEntry>
         <BuildActionEntry
            buildForTesting = "YES"
            buildForRunning = "NO"
            buildForProfiling = "NO"
            buildForArchiving = "NO"
            buildForAnalyzing = "NO">
            <BuildableReference
               BuildableIdentifier = "primary"
               BlueprintIdentifier = "00E9596C140254811771B723"
               BuildableName = "SanCovTests.xctest"
               BlueprintName = "SanCovTests"
               ReferencedContainer = "container:PropertyTestingKit.xcodeproj">
            </BuildableReference>
         </BuildActionEntry>
         <BuildActionEntry
            buildForTesting = "YES"
            buildForRunning = "NO"
            buildForProfiling = "NO"
            buildForArchiving = "NO"
            buildForAnalyzing = "NO">
            <BuildableReference
               BuildableIdentifier = "primary"
               BlueprintIdentifier = "F74FCC35759AE6C277E7C344"
               BuildableName = "ScheduleControlTests.xctest"
               BlueprintName = "ScheduleControlTests"
               ReferencedContainer = "container:PropertyTestingKit.xcodeproj">
            </BuildableReference>
         </BuildActionEntry>
         <BuildActionEntry
            buildForTesting = "YES"
            buildForRunning = "NO"
            buildForProfiling = "NO"
            buildForArchiving = "NO"
            buildForAnalyzing = "NO">
            <BuildableReference
               BuildableIdentifier = "primary"
               BlueprintIdentifier = "B0BE09FFE9F586EDF3FC5EB9"
               BuildableName = "TSanTests.xctest"
               BlueprintName = "TSanTests"
               ReferencedContainer = "container:PropertyTestingKit.xcodeproj">
            </BuildableReference>
         </BuildActionEntry>
      </BuildActionEntries>
   </BuildAction>
   <TestAction
      buildConfiguration = "Debug"
      selectedDebuggerIdentifier = "Xcode.DebuggerFoundation.Debugger.LLDB"
      selectedLauncherIdentifier = "Xcode.DebuggerFoundation.Launcher.LLDB"
      shouldUseLaunchSchemeArgsEnv = "YES">
      <MacroExpansion>
         <BuildableReference
            BuildableIdentifier = "primary"
            BlueprintIdentifier = "3158F44FBF717D69B2A46E2E"
            BuildableName = "PropertyTestingKit.framework"
            BlueprintName = "PropertyTestingKit"
            ReferencedContainer = "container:PropertyTestingKit.xcodeproj">
         </BuildableReference>
      </MacroExpansion>
      <Testables>
         <TestableReference
            skipped = "NO"
            parallelizable = "NO">
            <BuildableReference
               BuildableIdentifier = "primary"
               BlueprintIdentifier = "E50766C553D412A57A53F038"
               BuildableName = "PropertyTestingKitTests.xctest"
               BlueprintName = "PropertyTestingKitTests"
               ReferencedContainer = "container:PropertyTestingKit.xcodeproj">
            </BuildableReference>
         </TestableReference>
         <TestableReference
            skipped = "NO"
            parallelizable = "NO">
            <BuildableReference
               BuildableIdentifier = "primary"
               BlueprintIdentifier = "00E9596C140254811771B723"
               BuildableName = "SanCovTests.xctest"
               BlueprintName = "SanCovTests"
               ReferencedContainer = "container:PropertyTestingKit.xcodeproj">
            </BuildableReference>
         </TestableReference>
         <TestableReference
            skipped = "NO"
            parallelizable = "NO">
            <BuildableReference
               BuildableIdentifier = "primary"
               BlueprintIdentifier = "B0BE09FFE9F586EDF3FC5EB9"
               BuildableName = "TSanTests.xctest"
               BlueprintName = "TSanTests"
               ReferencedContainer = "container:PropertyTestingKit.xcodeproj">
            </BuildableReference>
         </TestableReference>
         <TestableReference
            skipped = "NO"
            parallelizable = "NO">
            <BuildableReference
               BuildableIdentifier = "primary"
               BlueprintIdentifier = "F74FCC35759AE6C277E7C344"
               BuildableName = "ScheduleControlTests.xctest"
               BlueprintName = "ScheduleControlTests"
               ReferencedContainer = "container:PropertyTestingKit.xcodeproj">
            </BuildableReference>
         </TestableReference>
         <TestableReference
            skipped = "NO"
            parallelizable = "NO">
            <BuildableReference
               BuildableIdentifier = "primary"
               BlueprintIdentifier = "0D92E8ED3377557F25BE96C0"
               BuildableName = "GenericTimerPollerTests.xctest"
               BlueprintName = "GenericTimerPollerTests"
               ReferencedContainer = "container:PropertyTestingKit.xcodeproj">
            </BuildableReference>
         </TestableReference>
      </Testables>
   </TestAction>
   <LaunchAction
      buildConfiguration = "Debug"
      selectedDebuggerIdentifier = "Xcode.DebuggerFoundation.Debugger.LLDB"
      selectedLauncherIdentifier = "Xcode.DebuggerFoundation.Launcher.LLDB"
      launchStyle = "0"
      useCustomWorkingDirectory = "NO"
      ignoresPersistentStateOnLaunch = "NO"
      debugDocumentVersioning = "YES"
      debugServiceExtension = "internal"
      allowLocationSimulation = "YES">
      <MacroExpansion>
         <BuildableReference
            BuildableIdentifier = "primary"
            BlueprintIdentifier = "3158F44FBF717D69B2A46E2E"
            BuildableName = "PropertyTestingKit.framework"
            BlueprintName = "PropertyTestingKit"
            ReferencedContainer = "container:PropertyTestingKit.xcodeproj">
         </BuildableReference>
      </MacroExpansion>
   </LaunchAction>
   <ProfileAction
      buildConfiguration = "Release"
      shouldUseLaunchSchemeArgsEnv = "YES"
      savedToolIdentifier = ""
      useCustomWorkingDirectory = "NO"
      debugDocumentVersioning = "YES">
      <MacroExpansion>
         <BuildableReference
            BuildableIdentifier = "primary"
            BlueprintIdentifier = "3158F44FBF717D69B2A46E2E"
            BuildableName = "PropertyTestingKit.framework"
            BlueprintName = "PropertyTestingKit"
            ReferencedContainer = "container:PropertyTestingKit.xcodeproj">
         </BuildableReference>
      </MacroExpansion>
   </ProfileAction>
   <AnalyzeAction
      buildConfiguration = "Debug">
   </AnalyzeAction>
   <ArchiveAction
      buildConfiguration = "Release"
      revealArchiveInOrganizer = "YES">
   </ArchiveAction>
</Scheme>
